// !$*UTF8*$!
{
	archiveVersion = 1;
	classes = {
	};
	objectVersion = 48;
	objects = {

/* Begin PBXBuildFile section */
		10070E4B1FD3049F0077FAEF /* VAD.swift in Sources */ = {isa = PBXBuildFile; fileRef = 10070E4A1FD3049F0077FAEF /* VAD.swift */; };
		1053B6E51FD999FA002C1C92 /* mfcc.cc in Sources */ = {isa = PBXBuildFile; fileRef = 1053B6E21FD999F7002C1C92 /* mfcc.cc */; };
		1053B6E61FD999FA002C1C92 /* compute-mfcc.cc in Sources */ = {isa = PBXBuildFile; fileRef = 1053B6E41FD999F8002C1C92 /* compute-mfcc.cc */; };
		1053B6E91FD99A2D002C1C92 /* mfcc_wrapper.mm in Sources */ = {isa = PBXBuildFile; fileRef = 1053B6E81FD99A2D002C1C92 /* mfcc_wrapper.mm */; };
		10567F791FC30FD200BE1282 /* AppDelegate.swift in Sources */ = {isa = PBXBuildFile; fileRef = 10567F781FC30FD200BE1282 /* AppDelegate.swift */; };
		10567F7B1FC30FD200BE1282 /* FirstViewController.swift in Sources */ = {isa = PBXBuildFile; fileRef = 10567F7A1FC30FD200BE1282 /* FirstViewController.swift */; };
		10567F7D1FC30FD200BE1282 /* SecondViewController.swift in Sources */ = {isa = PBXBuildFile; fileRef = 10567F7C1FC30FD200BE1282 /* SecondViewController.swift */; };
		10567F801FC30FD200BE1282 /* Main.storyboard in Resources */ = {isa = PBXBuildFile; fileRef = 10567F7E1FC30FD200BE1282 /* Main.storyboard */; };
		10567F821FC30FD200BE1282 /* Assets.xcassets in Resources */ = {isa = PBXBuildFile; fileRef = 10567F811FC30FD200BE1282 /* Assets.xcassets */; };
		10567F851FC30FD200BE1282 /* LaunchScreen.storyboard in Resources */ = {isa = PBXBuildFile; fileRef = 10567F831FC30FD200BE1282 /* LaunchScreen.storyboard */; };
		10567F901FC30FD300BE1282 /* asr_projectTests.swift in Sources */ = {isa = PBXBuildFile; fileRef = 10567F8F1FC30FD300BE1282 /* asr_projectTests.swift */; settings = {COMPILER_FLAGS = "-w"; }; };
		10567F9B1FC30FD300BE1282 /* asr_projectUITests.swift in Sources */ = {isa = PBXBuildFile; fileRef = 10567F9A1FC30FD300BE1282 /* asr_projectUITests.swift */; };
		10567FAE1FC312A600BE1282 /* Process_helper.swift in Sources */ = {isa = PBXBuildFile; fileRef = 10567FAD1FC312A600BE1282 /* Process_helper.swift */; };
		10567FB01FC3137600BE1282 /* Audio_frame.swift in Sources */ = {isa = PBXBuildFile; fileRef = 10567FAF1FC3137600BE1282 /* Audio_frame.swift */; };
		10567FB21FC3176300BE1282 /* Audio_file.swift in Sources */ = {isa = PBXBuildFile; fileRef = 10567FB11FC3176300BE1282 /* Audio_file.swift */; };
		10903B7A1FC5E271008F04E6 /* Speech_turn.swift in Sources */ = {isa = PBXBuildFile; fileRef = 10903B791FC5E271008F04E6 /* Speech_turn.swift */; };
		10903B7C1FC5E2A8008F04E6 /* Audio_segment.swift in Sources */ = {isa = PBXBuildFile; fileRef = 10903B7B1FC5E2A8008F04E6 /* Audio_segment.swift */; };
		1098EF3220543B120003B896 /* data_friends in Resources */ = {isa = PBXBuildFile; fileRef = 1098EF3120543B110003B896 /* data_friends */; };
		10A73B711FC6F27300F26885 /* S_recognizer.swift in Sources */ = {isa = PBXBuildFile; fileRef = 10A73B701FC6F27300F26885 /* S_recognizer.swift */; };
		10A9E8A32031C8FA00897B3D /* KNNDTW.swift in Sources */ = {isa = PBXBuildFile; fileRef = 10A9E8A22031C8FA00897B3D /* KNNDTW.swift */; };
<<<<<<< HEAD
		10AB7623207DF48F0063B073 /* MFCCComputer.swift in Sources */ = {isa = PBXBuildFile; fileRef = 10AB7622207DF48F0063B073 /* MFCCComputer.swift */; };
		10AB7625207DFB650063B073 /* FFTComputer.swift in Sources */ = {isa = PBXBuildFile; fileRef = 10AB7624207DFB650063B073 /* FFTComputer.swift */; };
		10B07E9E1FCF058D009A40B0 /* AcousticModelEnglish.bundle in Resources */ = {isa = PBXBuildFile; fileRef = 10B07E9B1FCF058D009A40B0 /* AcousticModelEnglish.bundle */; };
		10B4DB20206CCF87000EEA24 /* .gitignore in Resources */ = {isa = PBXBuildFile; fileRef = 10B4DB1F206CCF87000EEA24 /* .gitignore */; };
=======
		10B07E9E1FCF058D009A40B0 /* AcousticModelEnglish.bundle in Resources */ = {isa = PBXBuildFile; fileRef = 10B07E9B1FCF058D009A40B0 /* AcousticModelEnglish.bundle */; };
		10B4DB20206CCF87000EEA24 /* .gitignore in Resources */ = {isa = PBXBuildFile; fileRef = 10B4DB1F206CCF87000EEA24 /* .gitignore */; };
		10BE5F6E201CACF4006D5AAD /* Complex_buffer.swift in Sources */ = {isa = PBXBuildFile; fileRef = 10BE5F6D201CACF4006D5AAD /* Complex_buffer.swift */; };
		15BB4309E4A70C81BA9A9022 /* Pods_asr_project.framework in Frameworks */ = {isa = PBXBuildFile; fileRef = EA31CCF2B7896E0E9D722ACD /* Pods_asr_project.framework */; };
		7B25FE20AE68FCB09DE11216 /* Pods_asr_projectTests.framework in Frameworks */ = {isa = PBXBuildFile; fileRef = 8E9674775C82D3E197D227E6 /* Pods_asr_projectTests.framework */; };
		B37D08CF7035E969628289E6 /* Pods_asr_projectUITests.framework in Frameworks */ = {isa = PBXBuildFile; fileRef = 5767DDC16F8E8D2EDA3BF63F /* Pods_asr_projectUITests.framework */; };
/* End PBXBuildFile section */

/* Begin PBXContainerItemProxy section */
		10567F8C1FC30FD300BE1282 /* PBXContainerItemProxy */ = {
			isa = PBXContainerItemProxy;
			containerPortal = 10567F6D1FC30FD200BE1282 /* Project object */;
			proxyType = 1;
			remoteGlobalIDString = 10567F741FC30FD200BE1282;
			remoteInfo = asr_project;
		};
		10567F971FC30FD300BE1282 /* PBXContainerItemProxy */ = {
			isa = PBXContainerItemProxy;
			containerPortal = 10567F6D1FC30FD200BE1282 /* Project object */;
			proxyType = 1;
			remoteGlobalIDString = 10567F741FC30FD200BE1282;
			remoteInfo = asr_project;
		};
<<<<<<< HEAD
		10AB762E207DFC500063B073 /* PBXContainerItemProxy */ = {
			isa = PBXContainerItemProxy;
			containerPortal = 10AB7626207DFC4F0063B073 /* AIToolbox.xcodeproj */;
			proxyType = 2;
			remoteGlobalIDString = 0EBA29AB1A91350C0012CEC9;
			remoteInfo = AIToolbox;
		};
<<<<<<< HEAD
		10AB7630207DFC500063B073 /* PBXContainerItemProxy */ = {
			isa = PBXContainerItemProxy;
			containerPortal = 10AB7626207DFC4F0063B073 /* AIToolbox.xcodeproj */;
=======
		1081A6D32043440C0086FB8C /* PBXContainerItemProxy */ = {
			isa = PBXContainerItemProxy;
			containerPortal = 1081A6C92043440B0086FB8C /* AIToolbox.xcodeproj */;
>>>>>>> 47ef41a332b45300ae210a40d7218ad8060926ef
			proxyType = 2;
			remoteGlobalIDString = 0EBA29B61A91350C0012CEC9;
			remoteInfo = AIToolboxTests;
		};
<<<<<<< HEAD
		10AB7632207DFC500063B073 /* PBXContainerItemProxy */ = {
			isa = PBXContainerItemProxy;
			containerPortal = 10AB7626207DFC4F0063B073 /* AIToolbox.xcodeproj */;
=======
		1081A6D52043440C0086FB8C /* PBXContainerItemProxy */ = {
			isa = PBXContainerItemProxy;
			containerPortal = 1081A6C92043440B0086FB8C /* AIToolbox.xcodeproj */;
>>>>>>> 47ef41a332b45300ae210a40d7218ad8060926ef
			proxyType = 2;
			remoteGlobalIDString = 0E0A4F931C133E8800AD5AAE;
			remoteInfo = AIToolboxIOS;
		};
<<<<<<< HEAD
		10AB7634207DFC500063B073 /* PBXContainerItemProxy */ = {
			isa = PBXContainerItemProxy;
			containerPortal = 10AB7626207DFC4F0063B073 /* AIToolbox.xcodeproj */;
=======
		1081A6D72043440C0086FB8C /* PBXContainerItemProxy */ = {
			isa = PBXContainerItemProxy;
			containerPortal = 1081A6C92043440B0086FB8C /* AIToolbox.xcodeproj */;
>>>>>>> 47ef41a332b45300ae210a40d7218ad8060926ef
			proxyType = 2;
			remoteGlobalIDString = 0E0A4F9C1C133E8800AD5AAE;
			remoteInfo = AIToolboxIOSTests;
		};
<<<<<<< HEAD
		10AB7636207DFC500063B073 /* PBXContainerItemProxy */ = {
			isa = PBXContainerItemProxy;
			containerPortal = 10AB7626207DFC4F0063B073 /* AIToolbox.xcodeproj */;
=======
		1081A6D92043440C0086FB8C /* PBXContainerItemProxy */ = {
			isa = PBXContainerItemProxy;
			containerPortal = 1081A6C92043440B0086FB8C /* AIToolbox.xcodeproj */;
>>>>>>> 47ef41a332b45300ae210a40d7218ad8060926ef
			proxyType = 2;
			remoteGlobalIDString = FB0D5A231CAF09230097590B;
			remoteInfo = "AIToolbox copy";
		};
<<<<<<< HEAD
		10AB7638207DFC5B0063B073 /* PBXContainerItemProxy */ = {
			isa = PBXContainerItemProxy;
			containerPortal = 10AB7626207DFC4F0063B073 /* AIToolbox.xcodeproj */;
			proxyType = 1;
			remoteGlobalIDString = 0E0A4F921C133E8800AD5AAE;
			remoteInfo = AIToolboxIOS;
		};
=======
>>>>>>> 47ef41a332b45300ae210a40d7218ad8060926ef
/* End PBXContainerItemProxy section */

/* Begin PBXCopyFilesBuildPhase section */
		10577D13204E0BB500E444DE /* Embed Frameworks */ = {
			isa = PBXCopyFilesBuildPhase;
			buildActionMask = 2147483647;
			dstPath = "";
			dstSubfolderSpec = 10;
			files = (
			);
			name = "Embed Frameworks";
			runOnlyForDeploymentPostprocessing = 0;
		};
		1068B2AD204081C80029D0E3 /* Embed PlugIns */ = {
			isa = PBXCopyFilesBuildPhase;
			buildActionMask = 2147483647;
			dstPath = "";
			dstSubfolderSpec = 13;
			files = (
			);
			name = "Embed PlugIns";
			runOnlyForDeploymentPostprocessing = 0;
		};
/* End PBXCopyFilesBuildPhase section */

/* Begin PBXFileReference section */
		04A16EA63FDCDF1C20A6EB7F /* Pods-asr_project.release.xcconfig */ = {isa = PBXFileReference; includeInIndex = 1; lastKnownFileType = text.xcconfig; name = "Pods-asr_project.release.xcconfig"; path = "Pods/Target Support Files/Pods-asr_project/Pods-asr_project.release.xcconfig"; sourceTree = "<group>"; };
		10070E4A1FD3049F0077FAEF /* VAD.swift */ = {isa = PBXFileReference; lastKnownFileType = sourcecode.swift; path = VAD.swift; sourceTree = "<group>"; };
		1035924120307C9200B84721 /* mfcc_mine.cc */ = {isa = PBXFileReference; fileEncoding = 4; lastKnownFileType = sourcecode.cpp.cpp; path = mfcc_mine.cc; sourceTree = "<group>"; };
		1053B6E21FD999F7002C1C92 /* mfcc.cc */ = {isa = PBXFileReference; fileEncoding = 4; lastKnownFileType = sourcecode.cpp.cpp; path = mfcc.cc; sourceTree = "<group>"; };
		1053B6E31FD999F7002C1C92 /* wavHeader.h */ = {isa = PBXFileReference; fileEncoding = 4; lastKnownFileType = sourcecode.c.h; path = wavHeader.h; sourceTree = "<group>"; };
		1053B6E41FD999F8002C1C92 /* compute-mfcc.cc */ = {isa = PBXFileReference; fileEncoding = 4; lastKnownFileType = sourcecode.cpp.cpp; path = "compute-mfcc.cc"; sourceTree = "<group>"; };
		1053B6E71FD99A1A002C1C92 /* mfcc_wrapper.h */ = {isa = PBXFileReference; lastKnownFileType = sourcecode.c.h; path = mfcc_wrapper.h; sourceTree = "<group>"; };
		1053B6E81FD99A2D002C1C92 /* mfcc_wrapper.mm */ = {isa = PBXFileReference; lastKnownFileType = sourcecode.cpp.objcpp; path = mfcc_wrapper.mm; sourceTree = "<group>"; };
		10567F751FC30FD200BE1282 /* asr_project.app */ = {isa = PBXFileReference; explicitFileType = wrapper.application; includeInIndex = 0; path = asr_project.app; sourceTree = BUILT_PRODUCTS_DIR; };
		10567F781FC30FD200BE1282 /* AppDelegate.swift */ = {isa = PBXFileReference; lastKnownFileType = sourcecode.swift; path = AppDelegate.swift; sourceTree = "<group>"; };
		10567F7A1FC30FD200BE1282 /* FirstViewController.swift */ = {isa = PBXFileReference; lastKnownFileType = sourcecode.swift; path = FirstViewController.swift; sourceTree = "<group>"; };
		10567F7C1FC30FD200BE1282 /* SecondViewController.swift */ = {isa = PBXFileReference; lastKnownFileType = sourcecode.swift; path = SecondViewController.swift; sourceTree = "<group>"; };
		10567F7F1FC30FD200BE1282 /* Base */ = {isa = PBXFileReference; lastKnownFileType = file.storyboard; name = Base; path = Base.lproj/Main.storyboard; sourceTree = "<group>"; };
		10567F811FC30FD200BE1282 /* Assets.xcassets */ = {isa = PBXFileReference; lastKnownFileType = folder.assetcatalog; path = Assets.xcassets; sourceTree = "<group>"; };
		10567F841FC30FD200BE1282 /* Base */ = {isa = PBXFileReference; lastKnownFileType = file.storyboard; name = Base; path = Base.lproj/LaunchScreen.storyboard; sourceTree = "<group>"; };
		10567F861FC30FD300BE1282 /* Info.plist */ = {isa = PBXFileReference; lastKnownFileType = text.plist.xml; path = Info.plist; sourceTree = "<group>"; };
		10567F8B1FC30FD300BE1282 /* asr_projectTests.xctest */ = {isa = PBXFileReference; explicitFileType = wrapper.cfbundle; includeInIndex = 0; path = asr_projectTests.xctest; sourceTree = BUILT_PRODUCTS_DIR; };
		10567F8F1FC30FD300BE1282 /* asr_projectTests.swift */ = {isa = PBXFileReference; lastKnownFileType = sourcecode.swift; path = asr_projectTests.swift; sourceTree = "<group>"; };
		10567F911FC30FD300BE1282 /* Info.plist */ = {isa = PBXFileReference; lastKnownFileType = text.plist.xml; path = Info.plist; sourceTree = "<group>"; };
		10567F961FC30FD300BE1282 /* asr_projectUITests.xctest */ = {isa = PBXFileReference; explicitFileType = wrapper.cfbundle; includeInIndex = 0; path = asr_projectUITests.xctest; sourceTree = BUILT_PRODUCTS_DIR; };
		10567F9A1FC30FD300BE1282 /* asr_projectUITests.swift */ = {isa = PBXFileReference; lastKnownFileType = sourcecode.swift; path = asr_projectUITests.swift; sourceTree = "<group>"; };
		10567F9C1FC30FD300BE1282 /* Info.plist */ = {isa = PBXFileReference; lastKnownFileType = text.plist.xml; path = Info.plist; sourceTree = "<group>"; };
		10567FAD1FC312A600BE1282 /* Process_helper.swift */ = {isa = PBXFileReference; lastKnownFileType = sourcecode.swift; path = Process_helper.swift; sourceTree = "<group>"; };
		10567FAF1FC3137600BE1282 /* Audio_frame.swift */ = {isa = PBXFileReference; lastKnownFileType = sourcecode.swift; path = Audio_frame.swift; sourceTree = "<group>"; };
		10567FB11FC3176300BE1282 /* Audio_file.swift */ = {isa = PBXFileReference; lastKnownFileType = sourcecode.swift; path = Audio_file.swift; sourceTree = "<group>"; };
		10903B791FC5E271008F04E6 /* Speech_turn.swift */ = {isa = PBXFileReference; lastKnownFileType = sourcecode.swift; path = Speech_turn.swift; sourceTree = "<group>"; };
		10903B7B1FC5E2A8008F04E6 /* Audio_segment.swift */ = {isa = PBXFileReference; lastKnownFileType = sourcecode.swift; path = Audio_segment.swift; sourceTree = "<group>"; };
		1098EF3120543B110003B896 /* data_friends */ = {isa = PBXFileReference; lastKnownFileType = folder; path = data_friends; sourceTree = "<group>"; };
		10A73B701FC6F27300F26885 /* S_recognizer.swift */ = {isa = PBXFileReference; lastKnownFileType = sourcecode.swift; path = S_recognizer.swift; sourceTree = "<group>"; };
		10A9E8A22031C8FA00897B3D /* KNNDTW.swift */ = {isa = PBXFileReference; fileEncoding = 4; lastKnownFileType = sourcecode.swift; path = KNNDTW.swift; sourceTree = "<group>"; };
		10AB7622207DF48F0063B073 /* MFCCComputer.swift */ = {isa = PBXFileReference; fileEncoding = 4; lastKnownFileType = sourcecode.swift; path = MFCCComputer.swift; sourceTree = "<group>"; };
		10AB7624207DFB650063B073 /* FFTComputer.swift */ = {isa = PBXFileReference; fileEncoding = 4; lastKnownFileType = sourcecode.swift; path = FFTComputer.swift; sourceTree = "<group>"; };
		10AB7626207DFC4F0063B073 /* AIToolbox.xcodeproj */ = {isa = PBXFileReference; lastKnownFileType = "wrapper.pb-project"; name = AIToolbox.xcodeproj; path = ../FinalProjectFiles/AIToolbox/AIToolbox.xcodeproj; sourceTree = "<group>"; };
		10B07E991FCF058D009A40B0 /* Slt.framework */ = {isa = PBXFileReference; lastKnownFileType = wrapper.framework; path = Slt.framework; sourceTree = "<group>"; };
		10B07E9A1FCF058D009A40B0 /* OpenEars.framework */ = {isa = PBXFileReference; lastKnownFileType = wrapper.framework; path = OpenEars.framework; sourceTree = "<group>"; };
		10B07E9B1FCF058D009A40B0 /* AcousticModelEnglish.bundle */ = {isa = PBXFileReference; lastKnownFileType = "wrapper.plug-in"; path = AcousticModelEnglish.bundle; sourceTree = "<group>"; };
		10B0807D1FCF12F5009A40B0 /* bridging_header.h */ = {isa = PBXFileReference; lastKnownFileType = sourcecode.c.h; path = bridging_header.h; sourceTree = "<group>"; };
		10B4DB1F206CCF87000EEA24 /* .gitignore */ = {isa = PBXFileReference; lastKnownFileType = text; path = .gitignore; sourceTree = "<group>"; };
		10BE2D1A2045A8CB0020CC71 /* MLPackWrapper.mm */ = {isa = PBXFileReference; lastKnownFileType = sourcecode.cpp.objcpp; path = MLPackWrapper.mm; sourceTree = "<group>"; };
		10BE2D212045A91C0020CC71 /* MLPackWrapper.h */ = {isa = PBXFileReference; lastKnownFileType = sourcecode.c.h; path = MLPackWrapper.h; sourceTree = "<group>"; };
		10BE5F6D201CACF4006D5AAD /* Complex_buffer.swift */ = {isa = PBXFileReference; lastKnownFileType = sourcecode.swift; path = Complex_buffer.swift; sourceTree = "<group>"; };
		5767DDC16F8E8D2EDA3BF63F /* Pods_asr_projectUITests.framework */ = {isa = PBXFileReference; explicitFileType = wrapper.framework; includeInIndex = 0; path = Pods_asr_projectUITests.framework; sourceTree = BUILT_PRODUCTS_DIR; };
		674EF760FCF37297599FB9DC /* Pods-asr_projectTests.release.xcconfig */ = {isa = PBXFileReference; includeInIndex = 1; lastKnownFileType = text.xcconfig; name = "Pods-asr_projectTests.release.xcconfig"; path = "Pods/Target Support Files/Pods-asr_projectTests/Pods-asr_projectTests.release.xcconfig"; sourceTree = "<group>"; };
		8E9674775C82D3E197D227E6 /* Pods_asr_projectTests.framework */ = {isa = PBXFileReference; explicitFileType = wrapper.framework; includeInIndex = 0; path = Pods_asr_projectTests.framework; sourceTree = BUILT_PRODUCTS_DIR; };
		D78291F6877D77E6FD630997 /* Pods-asr_project.debug.xcconfig */ = {isa = PBXFileReference; includeInIndex = 1; lastKnownFileType = text.xcconfig; name = "Pods-asr_project.debug.xcconfig"; path = "Pods/Target Support Files/Pods-asr_project/Pods-asr_project.debug.xcconfig"; sourceTree = "<group>"; };
		DCA0DB9823FA98BB38D4A759 /* Pods-asr_projectUITests.debug.xcconfig */ = {isa = PBXFileReference; includeInIndex = 1; lastKnownFileType = text.xcconfig; name = "Pods-asr_projectUITests.debug.xcconfig"; path = "Pods/Target Support Files/Pods-asr_projectUITests/Pods-asr_projectUITests.debug.xcconfig"; sourceTree = "<group>"; };
		EA31CCF2B7896E0E9D722ACD /* Pods_asr_project.framework */ = {isa = PBXFileReference; explicitFileType = wrapper.framework; includeInIndex = 0; path = Pods_asr_project.framework; sourceTree = BUILT_PRODUCTS_DIR; };
		F39A5D87FE8F4E9B788504DD /* Pods-asr_projectTests.debug.xcconfig */ = {isa = PBXFileReference; includeInIndex = 1; lastKnownFileType = text.xcconfig; name = "Pods-asr_projectTests.debug.xcconfig"; path = "Pods/Target Support Files/Pods-asr_projectTests/Pods-asr_projectTests.debug.xcconfig"; sourceTree = "<group>"; };
		F9D397C8A957FE939E927709 /* Pods-asr_projectUITests.release.xcconfig */ = {isa = PBXFileReference; includeInIndex = 1; lastKnownFileType = text.xcconfig; name = "Pods-asr_projectUITests.release.xcconfig"; path = "Pods/Target Support Files/Pods-asr_projectUITests/Pods-asr_projectUITests.release.xcconfig"; sourceTree = "<group>"; };
/* End PBXFileReference section */

/* Begin PBXFrameworksBuildPhase section */
		10567F721FC30FD200BE1282 /* Frameworks */ = {
			isa = PBXFrameworksBuildPhase;
			buildActionMask = 2147483647;
			files = (
				15BB4309E4A70C81BA9A9022 /* Pods_asr_project.framework in Frameworks */,
=======
				10577D0F204E0BB500E444DE /* AIToolbox.framework in Frameworks */,
				1045AF3A204EC13400D5C31F /* libmlpack-ios.a in Frameworks */,
>>>>>>> 47ef41a332b45300ae210a40d7218ad8060926ef
			);
			runOnlyForDeploymentPostprocessing = 0;
		};
		10567F881FC30FD300BE1282 /* Frameworks */ = {
			isa = PBXFrameworksBuildPhase;
			buildActionMask = 2147483647;
			files = (
				7B25FE20AE68FCB09DE11216 /* Pods_asr_projectTests.framework in Frameworks */,
			);
			runOnlyForDeploymentPostprocessing = 0;
		};
		10567F931FC30FD300BE1282 /* Frameworks */ = {
			isa = PBXFrameworksBuildPhase;
			buildActionMask = 2147483647;
			files = (
				B37D08CF7035E969628289E6 /* Pods_asr_projectUITests.framework in Frameworks */,
			);
			runOnlyForDeploymentPostprocessing = 0;
		};
/* End PBXFrameworksBuildPhase section */

/* Begin PBXGroup section */
		1053B6E11FD999D1002C1C92 /* Mfcc */ = {
			isa = PBXGroup;
			children = (
				1035924120307C9200B84721 /* mfcc_mine.cc */,
				1053B6E41FD999F8002C1C92 /* compute-mfcc.cc */,
				1053B6E21FD999F7002C1C92 /* mfcc.cc */,
				1053B6E31FD999F7002C1C92 /* wavHeader.h */,
				1053B6E71FD99A1A002C1C92 /* mfcc_wrapper.h */,
				1053B6E81FD99A2D002C1C92 /* mfcc_wrapper.mm */,
			);
			path = Mfcc;
			sourceTree = "<group>";
		};
		10567F6C1FC30FD200BE1282 = {
			isa = PBXGroup;
			children = (
<<<<<<< HEAD
				10AB7626207DFC4F0063B073 /* AIToolbox.xcodeproj */,
				10B4DB1F206CCF87000EEA24 /* .gitignore */,
=======
				10B4DB1F206CCF87000EEA24 /* .gitignore */,
				10B0807D1FCF12F5009A40B0 /* bridging_header.h */,
				1098EF3120543B110003B896 /* data_friends */,
				1053B6E11FD999D1002C1C92 /* Mfcc */,
				10B07E981FCF058D009A40B0 /* Framework */,
				10567F771FC30FD200BE1282 /* asr_project */,
				10567F8E1FC30FD300BE1282 /* asr_projectTests */,
				10567F991FC30FD300BE1282 /* asr_projectUITests */,
				10567F761FC30FD200BE1282 /* Products */,
				10B07E951FCF04A9009A40B0 /* Frameworks */,
				537C75DC5BD029E97B058B9A /* Pods */,
			);
			sourceTree = "<group>";
		};
		10567F761FC30FD200BE1282 /* Products */ = {
			isa = PBXGroup;
			children = (
				10567F751FC30FD200BE1282 /* asr_project.app */,
				10567F8B1FC30FD300BE1282 /* asr_projectTests.xctest */,
				10567F961FC30FD300BE1282 /* asr_projectUITests.xctest */,
			);
			name = Products;
			sourceTree = "<group>";
		};
		10567F771FC30FD200BE1282 /* asr_project */ = {
			isa = PBXGroup;
			children = (
				10567FAC1FC3120400BE1282 /* Classifiers */,
				10567FA81FC3118F00BE1282 /* ViewController */,
				10567FAA1FC311C300BE1282 /* Helpers */,
				10567FAB1FC311EA00BE1282 /* Sound_processing */,
				10567F7E1FC30FD200BE1282 /* Main.storyboard */,
				10567F831FC30FD200BE1282 /* LaunchScreen.storyboard */,
				10567F811FC30FD200BE1282 /* Assets.xcassets */,
				10567F861FC30FD300BE1282 /* Info.plist */,
				10567F781FC30FD200BE1282 /* AppDelegate.swift */,
			);
			path = asr_project;
			sourceTree = "<group>";
		};
		10567F8E1FC30FD300BE1282 /* asr_projectTests */ = {
			isa = PBXGroup;
			children = (
				10567F8F1FC30FD300BE1282 /* asr_projectTests.swift */,
				10567F911FC30FD300BE1282 /* Info.plist */,
			);
			path = asr_projectTests;
			sourceTree = "<group>";
		};
		10567F991FC30FD300BE1282 /* asr_projectUITests */ = {
			isa = PBXGroup;
			children = (
				10567F9A1FC30FD300BE1282 /* asr_projectUITests.swift */,
				10567F9C1FC30FD300BE1282 /* Info.plist */,
			);
			path = asr_projectUITests;
			sourceTree = "<group>";
		};
		10567FA81FC3118F00BE1282 /* ViewController */ = {
			isa = PBXGroup;
			children = (
				10567F7A1FC30FD200BE1282 /* FirstViewController.swift */,
				10567F7C1FC30FD200BE1282 /* SecondViewController.swift */,
			);
			path = ViewController;
			sourceTree = "<group>";
		};
		10567FAA1FC311C300BE1282 /* Helpers */ = {
			isa = PBXGroup;
			children = (
				10AB7624207DFB650063B073 /* FFTComputer.swift */,
				10AB7622207DF48F0063B073 /* MFCCComputer.swift */,
				10567FAD1FC312A600BE1282 /* Process_helper.swift */,
				10A73B701FC6F27300F26885 /* S_recognizer.swift */,
				10567FB11FC3176300BE1282 /* Audio_file.swift */,
				10BE5F6D201CACF4006D5AAD /* Complex_buffer.swift */,
			);
			path = Helpers;
			sourceTree = "<group>";
		};
		10567FAB1FC311EA00BE1282 /* Sound_processing */ = {
			isa = PBXGroup;
			children = (
				10567FAF1FC3137600BE1282 /* Audio_frame.swift */,
				10903B791FC5E271008F04E6 /* Speech_turn.swift */,
				10903B7B1FC5E2A8008F04E6 /* Audio_segment.swift */,
				10070E4A1FD3049F0077FAEF /* VAD.swift */,
			);
			path = Sound_processing;
			sourceTree = "<group>";
		};
		10567FAC1FC3120400BE1282 /* Classifiers */ = {
			isa = PBXGroup;
			children = (
				10A9E8A22031C8FA00897B3D /* KNNDTW.swift */,
				10BE2D1A2045A8CB0020CC71 /* MLPackWrapper.mm */,
				10BE2D212045A91C0020CC71 /* MLPackWrapper.h */,
			);
			path = Classifiers;
			sourceTree = "<group>";
		};
<<<<<<< HEAD
		10AB7627207DFC4F0063B073 /* Products */ = {
			isa = PBXGroup;
			children = (
				10AB762F207DFC500063B073 /* AIToolbox.framework */,
				10AB7631207DFC500063B073 /* AIToolboxTests.xctest */,
				10AB7633207DFC500063B073 /* AIToolbox.framework */,
				10AB7635207DFC500063B073 /* AIToolboxIOSTests.xctest */,
				10AB7637207DFC500063B073 /* AIToolbox copy.framework */,
=======
		106960F6204C499500F3DE40 /* Products */ = {
			isa = PBXGroup;
			children = (
				106960FA204C499500F3DE40 /* libmlpack-ios.a */,
>>>>>>> 47ef41a332b45300ae210a40d7218ad8060926ef
			);
			name = Products;
			sourceTree = "<group>";
		};
		10B07E951FCF04A9009A40B0 /* Frameworks */ = {
			isa = PBXGroup;
			children = (
				EA31CCF2B7896E0E9D722ACD /* Pods_asr_project.framework */,
				8E9674775C82D3E197D227E6 /* Pods_asr_projectTests.framework */,
				5767DDC16F8E8D2EDA3BF63F /* Pods_asr_projectUITests.framework */,
=======
		1081A6CA2043440B0086FB8C /* Products */ = {
			isa = PBXGroup;
			children = (
				1081A6D22043440C0086FB8C /* AIToolbox.framework */,
				1081A6D42043440C0086FB8C /* AIToolboxTests.xctest */,
				1081A6D62043440C0086FB8C /* AIToolbox.framework */,
				1081A6D82043440C0086FB8C /* AIToolboxIOSTests.xctest */,
				1081A6DA2043440C0086FB8C /* AIToolbox copy.framework */,
			);
			name = Products;
			sourceTree = "<group>";
		};
		10B07E951FCF04A9009A40B0 /* Frameworks */ = {
			isa = PBXGroup;
			children = (
>>>>>>> 47ef41a332b45300ae210a40d7218ad8060926ef
			);
			name = Frameworks;
			sourceTree = "<group>";
		};
		10B07E981FCF058D009A40B0 /* Framework */ = {
			isa = PBXGroup;
			children = (
				10B07E991FCF058D009A40B0 /* Slt.framework */,
				10B07E9A1FCF058D009A40B0 /* OpenEars.framework */,
				10B07E9B1FCF058D009A40B0 /* AcousticModelEnglish.bundle */,
			);
			path = Framework;
			sourceTree = "<group>";
		};
		537C75DC5BD029E97B058B9A /* Pods */ = {
			isa = PBXGroup;
			children = (
				D78291F6877D77E6FD630997 /* Pods-asr_project.debug.xcconfig */,
				04A16EA63FDCDF1C20A6EB7F /* Pods-asr_project.release.xcconfig */,
				F39A5D87FE8F4E9B788504DD /* Pods-asr_projectTests.debug.xcconfig */,
				674EF760FCF37297599FB9DC /* Pods-asr_projectTests.release.xcconfig */,
				DCA0DB9823FA98BB38D4A759 /* Pods-asr_projectUITests.debug.xcconfig */,
				F9D397C8A957FE939E927709 /* Pods-asr_projectUITests.release.xcconfig */,
			);
			name = Pods;
			sourceTree = "<group>";
		};
/* End PBXGroup section */

/* Begin PBXNativeTarget section */
		10567F741FC30FD200BE1282 /* asr_project */ = {
			isa = PBXNativeTarget;
			buildConfigurationList = 10567F9F1FC30FD300BE1282 /* Build configuration list for PBXNativeTarget "asr_project" */;
			buildPhases = (
				8244BD80F5538D73D23A8116 /* [CP] Check Pods Manifest.lock */,
				10567F711FC30FD200BE1282 /* Sources */,
				10567F721FC30FD200BE1282 /* Frameworks */,
				10567F731FC30FD200BE1282 /* Resources */,
				E4C7118C1B2BC31B3FCC0648 /* [CP] Embed Pods Frameworks */,
				76EC28708E262AB6B87A2F54 /* [CP] Copy Pods Resources */,
				1068B2AD204081C80029D0E3 /* Embed PlugIns */,
				10577D13204E0BB500E444DE /* Embed Frameworks */,
			);
			buildRules = (
			);
			dependencies = (
				10AB7639207DFC5B0063B073 /* PBXTargetDependency */,
=======
				1045AF3C204ED75300D5C31F /* PBXTargetDependency */,
				10577D12204E0BB500E444DE /* PBXTargetDependency */,
>>>>>>> 47ef41a332b45300ae210a40d7218ad8060926ef
			);
			name = asr_project;
			productName = asr_project;
			productReference = 10567F751FC30FD200BE1282 /* asr_project.app */;
			productType = "com.apple.product-type.application";
		};
		10567F8A1FC30FD300BE1282 /* asr_projectTests */ = {
			isa = PBXNativeTarget;
			buildConfigurationList = 10567FA21FC30FD300BE1282 /* Build configuration list for PBXNativeTarget "asr_projectTests" */;
			buildPhases = (
				4BB0C5AECF4D71C6BC98FF50 /* [CP] Check Pods Manifest.lock */,
				10567F871FC30FD300BE1282 /* Sources */,
				10567F881FC30FD300BE1282 /* Frameworks */,
				10567F891FC30FD300BE1282 /* Resources */,
				951B8651A09EDCC10F3531AF /* [CP] Embed Pods Frameworks */,
				38BA5D0F2B85D97AA9306AFB /* [CP] Copy Pods Resources */,
			);
			buildRules = (
			);
			dependencies = (
				10567F8D1FC30FD300BE1282 /* PBXTargetDependency */,
			);
			name = asr_projectTests;
			productName = asr_projectTests;
			productReference = 10567F8B1FC30FD300BE1282 /* asr_projectTests.xctest */;
			productType = "com.apple.product-type.bundle.unit-test";
		};
		10567F951FC30FD300BE1282 /* asr_projectUITests */ = {
			isa = PBXNativeTarget;
			buildConfigurationList = 10567FA51FC30FD300BE1282 /* Build configuration list for PBXNativeTarget "asr_projectUITests" */;
			buildPhases = (
				A2150F130F39F9AD3BE03CB9 /* [CP] Check Pods Manifest.lock */,
				10567F921FC30FD300BE1282 /* Sources */,
				10567F931FC30FD300BE1282 /* Frameworks */,
				10567F941FC30FD300BE1282 /* Resources */,
				B3FE9B3BF004B644F5BAE417 /* [CP] Embed Pods Frameworks */,
				9D877A5921A79834D99BB116 /* [CP] Copy Pods Resources */,
			);
			buildRules = (
			);
			dependencies = (
				10567F981FC30FD300BE1282 /* PBXTargetDependency */,
			);
			name = asr_projectUITests;
			productName = asr_projectUITests;
			productReference = 10567F961FC30FD300BE1282 /* asr_projectUITests.xctest */;
			productType = "com.apple.product-type.bundle.ui-testing";
		};
/* End PBXNativeTarget section */

/* Begin PBXProject section */
		10567F6D1FC30FD200BE1282 /* Project object */ = {
			isa = PBXProject;
			attributes = {
				KnownAssetTags = (
					New,
				);
				LastSwiftUpdateCheck = 0910;
				LastUpgradeCheck = 0930;
				ORGANIZATIONNAME = "Tiberiu Simion Voicu";
				TargetAttributes = {
					10567F741FC30FD200BE1282 = {
						CreatedOnToolsVersion = 9.1;
						ProvisioningStyle = Automatic;
					};
					10567F8A1FC30FD300BE1282 = {
						CreatedOnToolsVersion = 9.1;
						ProvisioningStyle = Automatic;
						TestTargetID = 10567F741FC30FD200BE1282;
					};
					10567F951FC30FD300BE1282 = {
						CreatedOnToolsVersion = 9.1;
						ProvisioningStyle = Automatic;
						TestTargetID = 10567F741FC30FD200BE1282;
					};
				};
			};
			buildConfigurationList = 10567F701FC30FD200BE1282 /* Build configuration list for PBXProject "asr_project" */;
			compatibilityVersion = "Xcode 8.0";
			developmentRegion = en;
			hasScannedForEncodings = 0;
			knownRegions = (
				en,
				Base,
			);
			mainGroup = 10567F6C1FC30FD200BE1282;
			productRefGroup = 10567F761FC30FD200BE1282 /* Products */;
			projectDirPath = "";
			projectReferences = (
				{
<<<<<<< HEAD
					ProductGroup = 10AB7627207DFC4F0063B073 /* Products */;
					ProjectRef = 10AB7626207DFC4F0063B073 /* AIToolbox.xcodeproj */;
=======
					ProductGroup = 1081A6CA2043440B0086FB8C /* Products */;
					ProjectRef = 1081A6C92043440B0086FB8C /* AIToolbox.xcodeproj */;
				},
				{
					ProductGroup = 106960F6204C499500F3DE40 /* Products */;
					ProjectRef = 106960F5204C499500F3DE40 /* mlpack-ios.xcodeproj */;
>>>>>>> 47ef41a332b45300ae210a40d7218ad8060926ef
				},
			);
			projectRoot = "";
			targets = (
				10567F741FC30FD200BE1282 /* asr_project */,
				10567F8A1FC30FD300BE1282 /* asr_projectTests */,
				10567F951FC30FD300BE1282 /* asr_projectUITests */,
			);
		};
/* End PBXProject section */

/* Begin PBXReferenceProxy section */
		10AB762F207DFC500063B073 /* AIToolbox.framework */ = {
			isa = PBXReferenceProxy;
			fileType = wrapper.framework;
			path = AIToolbox.framework;
			remoteRef = 10AB762E207DFC500063B073 /* PBXContainerItemProxy */;
			sourceTree = BUILT_PRODUCTS_DIR;
		};
		10AB7631207DFC500063B073 /* AIToolboxTests.xctest */ = {
			isa = PBXReferenceProxy;
			fileType = wrapper.cfbundle;
			path = AIToolboxTests.xctest;
			remoteRef = 10AB7630207DFC500063B073 /* PBXContainerItemProxy */;
			sourceTree = BUILT_PRODUCTS_DIR;
		};
		10AB7633207DFC500063B073 /* AIToolbox.framework */ = {
			isa = PBXReferenceProxy;
			fileType = wrapper.framework;
			path = AIToolbox.framework;
			remoteRef = 10AB7632207DFC500063B073 /* PBXContainerItemProxy */;
			sourceTree = BUILT_PRODUCTS_DIR;
		};
		10AB7635207DFC500063B073 /* AIToolboxIOSTests.xctest */ = {
			isa = PBXReferenceProxy;
			fileType = wrapper.cfbundle;
			path = AIToolboxIOSTests.xctest;
			remoteRef = 10AB7634207DFC500063B073 /* PBXContainerItemProxy */;
			sourceTree = BUILT_PRODUCTS_DIR;
		};
		10AB7637207DFC500063B073 /* AIToolbox copy.framework */ = {
			isa = PBXReferenceProxy;
			fileType = wrapper.framework;
			path = "AIToolbox copy.framework";
			remoteRef = 10AB7636207DFC500063B073 /* PBXContainerItemProxy */;
=======
		106960FA204C499500F3DE40 /* libmlpack-ios.a */ = {
			isa = PBXReferenceProxy;
			fileType = archive.ar;
			path = "libmlpack-ios.a";
			remoteRef = 106960F9204C499500F3DE40 /* PBXContainerItemProxy */;
			sourceTree = BUILT_PRODUCTS_DIR;
		};
		1081A6D22043440C0086FB8C /* AIToolbox.framework */ = {
			isa = PBXReferenceProxy;
			fileType = wrapper.framework;
			path = AIToolbox.framework;
			remoteRef = 1081A6D12043440C0086FB8C /* PBXContainerItemProxy */;
			sourceTree = BUILT_PRODUCTS_DIR;
		};
		1081A6D42043440C0086FB8C /* AIToolboxTests.xctest */ = {
			isa = PBXReferenceProxy;
			fileType = wrapper.cfbundle;
			path = AIToolboxTests.xctest;
			remoteRef = 1081A6D32043440C0086FB8C /* PBXContainerItemProxy */;
			sourceTree = BUILT_PRODUCTS_DIR;
		};
		1081A6D62043440C0086FB8C /* AIToolbox.framework */ = {
			isa = PBXReferenceProxy;
			fileType = wrapper.framework;
			path = AIToolbox.framework;
			remoteRef = 1081A6D52043440C0086FB8C /* PBXContainerItemProxy */;
			sourceTree = BUILT_PRODUCTS_DIR;
		};
		1081A6D82043440C0086FB8C /* AIToolboxIOSTests.xctest */ = {
			isa = PBXReferenceProxy;
			fileType = wrapper.cfbundle;
			path = AIToolboxIOSTests.xctest;
			remoteRef = 1081A6D72043440C0086FB8C /* PBXContainerItemProxy */;
			sourceTree = BUILT_PRODUCTS_DIR;
		};
		1081A6DA2043440C0086FB8C /* AIToolbox copy.framework */ = {
			isa = PBXReferenceProxy;
			fileType = wrapper.framework;
			path = "AIToolbox copy.framework";
			remoteRef = 1081A6D92043440C0086FB8C /* PBXContainerItemProxy */;
>>>>>>> 47ef41a332b45300ae210a40d7218ad8060926ef
			sourceTree = BUILT_PRODUCTS_DIR;
		};
/* End PBXReferenceProxy section */

/* Begin PBXResourcesBuildPhase section */
		10567F731FC30FD200BE1282 /* Resources */ = {
			isa = PBXResourcesBuildPhase;
			buildActionMask = 2147483647;
			files = (
				1098EF3220543B120003B896 /* data_friends in Resources */,
				10567F851FC30FD200BE1282 /* LaunchScreen.storyboard in Resources */,
				10B07E9E1FCF058D009A40B0 /* AcousticModelEnglish.bundle in Resources */,
				10567F821FC30FD200BE1282 /* Assets.xcassets in Resources */,
				10B4DB20206CCF87000EEA24 /* .gitignore in Resources */,
				10567F801FC30FD200BE1282 /* Main.storyboard in Resources */,
			);
			runOnlyForDeploymentPostprocessing = 0;
		};
		10567F891FC30FD300BE1282 /* Resources */ = {
			isa = PBXResourcesBuildPhase;
			buildActionMask = 2147483647;
			files = (
			);
			runOnlyForDeploymentPostprocessing = 0;
		};
		10567F941FC30FD300BE1282 /* Resources */ = {
			isa = PBXResourcesBuildPhase;
			buildActionMask = 2147483647;
			files = (
			);
			runOnlyForDeploymentPostprocessing = 0;
		};
/* End PBXResourcesBuildPhase section */

/* Begin PBXShellScriptBuildPhase section */
		38BA5D0F2B85D97AA9306AFB /* [CP] Copy Pods Resources */ = {
			isa = PBXShellScriptBuildPhase;
			buildActionMask = 2147483647;
			files = (
			);
			inputPaths = (
			);
			name = "[CP] Copy Pods Resources";
			outputPaths = (
			);
			runOnlyForDeploymentPostprocessing = 0;
			shellPath = /bin/sh;
			shellScript = "\"${SRCROOT}/Pods/Target Support Files/Pods-asr_projectTests/Pods-asr_projectTests-resources.sh\"\n";
			showEnvVarsInLog = 0;
		};
		4BB0C5AECF4D71C6BC98FF50 /* [CP] Check Pods Manifest.lock */ = {
			isa = PBXShellScriptBuildPhase;
			buildActionMask = 2147483647;
			files = (
			);
			inputPaths = (
				"${PODS_PODFILE_DIR_PATH}/Podfile.lock",
				"${PODS_ROOT}/Manifest.lock",
			);
			name = "[CP] Check Pods Manifest.lock";
			outputPaths = (
				"$(DERIVED_FILE_DIR)/Pods-asr_projectTests-checkManifestLockResult.txt",
			);
			runOnlyForDeploymentPostprocessing = 0;
			shellPath = /bin/sh;
			shellScript = "diff \"${PODS_PODFILE_DIR_PATH}/Podfile.lock\" \"${PODS_ROOT}/Manifest.lock\" > /dev/null\nif [ $? != 0 ] ; then\n    # print error to STDERR\n    echo \"error: The sandbox is not in sync with the Podfile.lock. Run 'pod install' or update your CocoaPods installation.\" >&2\n    exit 1\nfi\n# This output is used by Xcode 'outputs' to avoid re-running this script phase.\necho \"SUCCESS\" > \"${SCRIPT_OUTPUT_FILE_0}\"\n";
			showEnvVarsInLog = 0;
		};
		76EC28708E262AB6B87A2F54 /* [CP] Copy Pods Resources */ = {
			isa = PBXShellScriptBuildPhase;
			buildActionMask = 2147483647;
			files = (
			);
			inputPaths = (
			);
			name = "[CP] Copy Pods Resources";
			outputPaths = (
			);
			runOnlyForDeploymentPostprocessing = 0;
			shellPath = /bin/sh;
			shellScript = "\"${SRCROOT}/Pods/Target Support Files/Pods-asr_project/Pods-asr_project-resources.sh\"\n";
			showEnvVarsInLog = 0;
		};
		8244BD80F5538D73D23A8116 /* [CP] Check Pods Manifest.lock */ = {
			isa = PBXShellScriptBuildPhase;
			buildActionMask = 2147483647;
			files = (
			);
			inputPaths = (
				"${PODS_PODFILE_DIR_PATH}/Podfile.lock",
				"${PODS_ROOT}/Manifest.lock",
			);
			name = "[CP] Check Pods Manifest.lock";
			outputPaths = (
				"$(DERIVED_FILE_DIR)/Pods-asr_project-checkManifestLockResult.txt",
			);
			runOnlyForDeploymentPostprocessing = 0;
			shellPath = /bin/sh;
			shellScript = "diff \"${PODS_PODFILE_DIR_PATH}/Podfile.lock\" \"${PODS_ROOT}/Manifest.lock\" > /dev/null\nif [ $? != 0 ] ; then\n    # print error to STDERR\n    echo \"error: The sandbox is not in sync with the Podfile.lock. Run 'pod install' or update your CocoaPods installation.\" >&2\n    exit 1\nfi\n# This output is used by Xcode 'outputs' to avoid re-running this script phase.\necho \"SUCCESS\" > \"${SCRIPT_OUTPUT_FILE_0}\"\n";
			showEnvVarsInLog = 0;
		};
		951B8651A09EDCC10F3531AF /* [CP] Embed Pods Frameworks */ = {
			isa = PBXShellScriptBuildPhase;
			buildActionMask = 2147483647;
			files = (
			);
			inputPaths = (
			);
			name = "[CP] Embed Pods Frameworks";
			outputPaths = (
			);
			runOnlyForDeploymentPostprocessing = 0;
			shellPath = /bin/sh;
			shellScript = "\"${SRCROOT}/Pods/Target Support Files/Pods-asr_projectTests/Pods-asr_projectTests-frameworks.sh\"\n";
			showEnvVarsInLog = 0;
		};
		9D877A5921A79834D99BB116 /* [CP] Copy Pods Resources */ = {
			isa = PBXShellScriptBuildPhase;
			buildActionMask = 2147483647;
			files = (
			);
			inputPaths = (
			);
			name = "[CP] Copy Pods Resources";
			outputPaths = (
			);
			runOnlyForDeploymentPostprocessing = 0;
			shellPath = /bin/sh;
			shellScript = "\"${SRCROOT}/Pods/Target Support Files/Pods-asr_projectUITests/Pods-asr_projectUITests-resources.sh\"\n";
			showEnvVarsInLog = 0;
		};
		A2150F130F39F9AD3BE03CB9 /* [CP] Check Pods Manifest.lock */ = {
			isa = PBXShellScriptBuildPhase;
			buildActionMask = 2147483647;
			files = (
			);
			inputPaths = (
				"${PODS_PODFILE_DIR_PATH}/Podfile.lock",
				"${PODS_ROOT}/Manifest.lock",
			);
			name = "[CP] Check Pods Manifest.lock";
			outputPaths = (
				"$(DERIVED_FILE_DIR)/Pods-asr_projectUITests-checkManifestLockResult.txt",
			);
			runOnlyForDeploymentPostprocessing = 0;
			shellPath = /bin/sh;
			shellScript = "diff \"${PODS_PODFILE_DIR_PATH}/Podfile.lock\" \"${PODS_ROOT}/Manifest.lock\" > /dev/null\nif [ $? != 0 ] ; then\n    # print error to STDERR\n    echo \"error: The sandbox is not in sync with the Podfile.lock. Run 'pod install' or update your CocoaPods installation.\" >&2\n    exit 1\nfi\n# This output is used by Xcode 'outputs' to avoid re-running this script phase.\necho \"SUCCESS\" > \"${SCRIPT_OUTPUT_FILE_0}\"\n";
			showEnvVarsInLog = 0;
		};
		B3FE9B3BF004B644F5BAE417 /* [CP] Embed Pods Frameworks */ = {
			isa = PBXShellScriptBuildPhase;
			buildActionMask = 2147483647;
			files = (
			);
			inputPaths = (
			);
			name = "[CP] Embed Pods Frameworks";
			outputPaths = (
			);
			runOnlyForDeploymentPostprocessing = 0;
			shellPath = /bin/sh;
			shellScript = "\"${SRCROOT}/Pods/Target Support Files/Pods-asr_projectUITests/Pods-asr_projectUITests-frameworks.sh\"\n";
			showEnvVarsInLog = 0;
		};
		E4C7118C1B2BC31B3FCC0648 /* [CP] Embed Pods Frameworks */ = {
			isa = PBXShellScriptBuildPhase;
			buildActionMask = 2147483647;
			files = (
			);
			inputPaths = (
				"${SRCROOT}/Pods/Target Support Files/Pods-asr_project/Pods-asr_project-frameworks.sh",
				"${BUILT_PRODUCTS_DIR}/Beethoven/Beethoven.framework",
				"${BUILT_PRODUCTS_DIR}/OpenCV/opencv2.framework",
				"${BUILT_PRODUCTS_DIR}/Pitchy/Pitchy.framework",
			);
			name = "[CP] Embed Pods Frameworks";
			outputPaths = (
				"${TARGET_BUILD_DIR}/${FRAMEWORKS_FOLDER_PATH}/Beethoven.framework",
				"${TARGET_BUILD_DIR}/${FRAMEWORKS_FOLDER_PATH}/opencv2.framework",
				"${TARGET_BUILD_DIR}/${FRAMEWORKS_FOLDER_PATH}/Pitchy.framework",
			);
			runOnlyForDeploymentPostprocessing = 0;
			shellPath = /bin/sh;
			shellScript = "\"${SRCROOT}/Pods/Target Support Files/Pods-asr_project/Pods-asr_project-frameworks.sh\"\n";
			showEnvVarsInLog = 0;
		};
/* End PBXShellScriptBuildPhase section */

/* Begin PBXSourcesBuildPhase section */
		10567F711FC30FD200BE1282 /* Sources */ = {
			isa = PBXSourcesBuildPhase;
			buildActionMask = 2147483647;
			files = (
				10BE5F6E201CACF4006D5AAD /* Complex_buffer.swift in Sources */,
				10567F7D1FC30FD200BE1282 /* SecondViewController.swift in Sources */,
				1053B6E91FD99A2D002C1C92 /* mfcc_wrapper.mm in Sources */,
				10567FAE1FC312A600BE1282 /* Process_helper.swift in Sources */,
				10A73B711FC6F27300F26885 /* S_recognizer.swift in Sources */,
				10903B7C1FC5E2A8008F04E6 /* Audio_segment.swift in Sources */,
				10567FB01FC3137600BE1282 /* Audio_frame.swift in Sources */,
				10AB7623207DF48F0063B073 /* MFCCComputer.swift in Sources */,
				10070E4B1FD3049F0077FAEF /* VAD.swift in Sources */,
				10AB7625207DFB650063B073 /* FFTComputer.swift in Sources */,
				10903B7A1FC5E271008F04E6 /* Speech_turn.swift in Sources */,
				1053B6E61FD999FA002C1C92 /* compute-mfcc.cc in Sources */,
				10567F791FC30FD200BE1282 /* AppDelegate.swift in Sources */,
				10A9E8A32031C8FA00897B3D /* KNNDTW.swift in Sources */,
				10567FB21FC3176300BE1282 /* Audio_file.swift in Sources */,
				1053B6E51FD999FA002C1C92 /* mfcc.cc in Sources */,
				10567F7B1FC30FD200BE1282 /* FirstViewController.swift in Sources */,
			);
			runOnlyForDeploymentPostprocessing = 0;
		};
		10567F871FC30FD300BE1282 /* Sources */ = {
			isa = PBXSourcesBuildPhase;
			buildActionMask = 2147483647;
			files = (
				10567F901FC30FD300BE1282 /* asr_projectTests.swift in Sources */,
			);
			runOnlyForDeploymentPostprocessing = 0;
		};
		10567F921FC30FD300BE1282 /* Sources */ = {
			isa = PBXSourcesBuildPhase;
			buildActionMask = 2147483647;
			files = (
				10567F9B1FC30FD300BE1282 /* asr_projectUITests.swift in Sources */,
			);
			runOnlyForDeploymentPostprocessing = 0;
		};
/* End PBXSourcesBuildPhase section */

/* Begin PBXTargetDependency section */
		10567F8D1FC30FD300BE1282 /* PBXTargetDependency */ = {
			isa = PBXTargetDependency;
			target = 10567F741FC30FD200BE1282 /* asr_project */;
			targetProxy = 10567F8C1FC30FD300BE1282 /* PBXContainerItemProxy */;
		};
		10567F981FC30FD300BE1282 /* PBXTargetDependency */ = {
			isa = PBXTargetDependency;
			target = 10567F741FC30FD200BE1282 /* asr_project */;
			targetProxy = 10567F971FC30FD300BE1282 /* PBXContainerItemProxy */;
		};
<<<<<<< HEAD
		10AB7639207DFC5B0063B073 /* PBXTargetDependency */ = {
			isa = PBXTargetDependency;
			name = AIToolboxIOS;
			targetProxy = 10AB7638207DFC5B0063B073 /* PBXContainerItemProxy */;
=======
		10577D12204E0BB500E444DE /* PBXTargetDependency */ = {
			isa = PBXTargetDependency;
			name = AIToolboxIOS;
			targetProxy = 10577D11204E0BB500E444DE /* PBXContainerItemProxy */;
>>>>>>> 47ef41a332b45300ae210a40d7218ad8060926ef
		};
/* End PBXTargetDependency section */

/* Begin PBXVariantGroup section */
		10567F7E1FC30FD200BE1282 /* Main.storyboard */ = {
			isa = PBXVariantGroup;
			children = (
				10567F7F1FC30FD200BE1282 /* Base */,
			);
			name = Main.storyboard;
			sourceTree = "<group>";
		};
		10567F831FC30FD200BE1282 /* LaunchScreen.storyboard */ = {
			isa = PBXVariantGroup;
			children = (
				10567F841FC30FD200BE1282 /* Base */,
			);
			name = LaunchScreen.storyboard;
			sourceTree = "<group>";
		};
/* End PBXVariantGroup section */

/* Begin XCBuildConfiguration section */
		10567F9D1FC30FD300BE1282 /* Debug */ = {
			isa = XCBuildConfiguration;
			buildSettings = {
				ALWAYS_SEARCH_USER_PATHS = NO;
				CLANG_ANALYZER_NONNULL = YES;
				CLANG_ANALYZER_NUMBER_OBJECT_CONVERSION = YES_AGGRESSIVE;
				CLANG_CXX_LANGUAGE_STANDARD = "c++14";
				CLANG_CXX_LIBRARY = "libc++";
				CLANG_ENABLE_MODULES = YES;
				CLANG_ENABLE_OBJC_ARC = YES;
				CLANG_WARN_BLOCK_CAPTURE_AUTORELEASING = YES;
				CLANG_WARN_BOOL_CONVERSION = YES;
				CLANG_WARN_COMMA = YES;
				CLANG_WARN_CONSTANT_CONVERSION = YES;
				CLANG_WARN_DEPRECATED_OBJC_IMPLEMENTATIONS = YES;
				CLANG_WARN_DIRECT_OBJC_ISA_USAGE = YES_ERROR;
				CLANG_WARN_DOCUMENTATION_COMMENTS = YES;
				CLANG_WARN_EMPTY_BODY = YES;
				CLANG_WARN_ENUM_CONVERSION = YES;
				CLANG_WARN_INFINITE_RECURSION = YES;
				CLANG_WARN_INT_CONVERSION = YES;
				CLANG_WARN_NON_LITERAL_NULL_CONVERSION = YES;
				CLANG_WARN_OBJC_IMPLICIT_RETAIN_SELF = YES;
				CLANG_WARN_OBJC_LITERAL_CONVERSION = YES;
				CLANG_WARN_OBJC_ROOT_CLASS = YES_ERROR;
				CLANG_WARN_RANGE_LOOP_ANALYSIS = YES;
				CLANG_WARN_STRICT_PROTOTYPES = YES;
				CLANG_WARN_SUSPICIOUS_MOVE = YES;
				CLANG_WARN_UNGUARDED_AVAILABILITY = YES_AGGRESSIVE;
				CLANG_WARN_UNREACHABLE_CODE = YES;
				CLANG_WARN__DUPLICATE_METHOD_MATCH = YES;
				CODE_SIGN_IDENTITY = "iPhone Developer";
				COPY_PHASE_STRIP = NO;
				DEBUG_INFORMATION_FORMAT = dwarf;
				ENABLE_STRICT_OBJC_MSGSEND = YES;
				ENABLE_TESTABILITY = YES;
				GCC_C_LANGUAGE_STANDARD = gnu11;
				GCC_DYNAMIC_NO_PIC = NO;
				GCC_NO_COMMON_BLOCKS = YES;
				GCC_OPTIMIZATION_LEVEL = 0;
				GCC_PREPROCESSOR_DEFINITIONS = (
					"DEBUG=1",
					"$(inherited)",
				);
				GCC_WARN_64_TO_32_BIT_CONVERSION = YES;
				GCC_WARN_ABOUT_RETURN_TYPE = YES_ERROR;
				GCC_WARN_UNDECLARED_SELECTOR = YES;
				GCC_WARN_UNINITIALIZED_AUTOS = YES_AGGRESSIVE;
				GCC_WARN_UNUSED_FUNCTION = YES;
				GCC_WARN_UNUSED_VARIABLE = YES;
				IPHONEOS_DEPLOYMENT_TARGET = 11.2;
				MTL_ENABLE_DEBUG_INFO = YES;
				ONLY_ACTIVE_ARCH = YES;
				SDKROOT = iphoneos;
				SWIFT_ACTIVE_COMPILATION_CONDITIONS = DEBUG;
				SWIFT_OPTIMIZATION_LEVEL = "-Onone";
			};
			name = Debug;
		};
		10567F9E1FC30FD300BE1282 /* Release */ = {
			isa = XCBuildConfiguration;
			buildSettings = {
				ALWAYS_SEARCH_USER_PATHS = NO;
				CLANG_ANALYZER_NONNULL = YES;
				CLANG_ANALYZER_NUMBER_OBJECT_CONVERSION = YES_AGGRESSIVE;
				CLANG_CXX_LANGUAGE_STANDARD = "c++14";
				CLANG_CXX_LIBRARY = "libc++";
				CLANG_ENABLE_MODULES = YES;
				CLANG_ENABLE_OBJC_ARC = YES;
				CLANG_WARN_BLOCK_CAPTURE_AUTORELEASING = YES;
				CLANG_WARN_BOOL_CONVERSION = YES;
				CLANG_WARN_COMMA = YES;
				CLANG_WARN_CONSTANT_CONVERSION = YES;
				CLANG_WARN_DEPRECATED_OBJC_IMPLEMENTATIONS = YES;
				CLANG_WARN_DIRECT_OBJC_ISA_USAGE = YES_ERROR;
				CLANG_WARN_DOCUMENTATION_COMMENTS = YES;
				CLANG_WARN_EMPTY_BODY = YES;
				CLANG_WARN_ENUM_CONVERSION = YES;
				CLANG_WARN_INFINITE_RECURSION = YES;
				CLANG_WARN_INT_CONVERSION = YES;
				CLANG_WARN_NON_LITERAL_NULL_CONVERSION = YES;
				CLANG_WARN_OBJC_IMPLICIT_RETAIN_SELF = YES;
				CLANG_WARN_OBJC_LITERAL_CONVERSION = YES;
				CLANG_WARN_OBJC_ROOT_CLASS = YES_ERROR;
				CLANG_WARN_RANGE_LOOP_ANALYSIS = YES;
				CLANG_WARN_STRICT_PROTOTYPES = YES;
				CLANG_WARN_SUSPICIOUS_MOVE = YES;
				CLANG_WARN_UNGUARDED_AVAILABILITY = YES_AGGRESSIVE;
				CLANG_WARN_UNREACHABLE_CODE = YES;
				CLANG_WARN__DUPLICATE_METHOD_MATCH = YES;
				CODE_SIGN_IDENTITY = "iPhone Developer";
				COPY_PHASE_STRIP = NO;
				DEBUG_INFORMATION_FORMAT = "dwarf-with-dsym";
				ENABLE_NS_ASSERTIONS = NO;
				ENABLE_STRICT_OBJC_MSGSEND = YES;
				GCC_C_LANGUAGE_STANDARD = gnu11;
				GCC_NO_COMMON_BLOCKS = YES;
				GCC_WARN_64_TO_32_BIT_CONVERSION = YES;
				GCC_WARN_ABOUT_RETURN_TYPE = YES_ERROR;
				GCC_WARN_UNDECLARED_SELECTOR = YES;
				GCC_WARN_UNINITIALIZED_AUTOS = YES_AGGRESSIVE;
				GCC_WARN_UNUSED_FUNCTION = YES;
				GCC_WARN_UNUSED_VARIABLE = YES;
				IPHONEOS_DEPLOYMENT_TARGET = 11.2;
				MTL_ENABLE_DEBUG_INFO = NO;
				SDKROOT = iphoneos;
				SWIFT_OPTIMIZATION_LEVEL = "-Owholemodule";
				VALIDATE_PRODUCT = YES;
			};
			name = Release;
		};
		10567FA01FC30FD300BE1282 /* Debug */ = {
			isa = XCBuildConfiguration;
			baseConfigurationReference = D78291F6877D77E6FD630997 /* Pods-asr_project.debug.xcconfig */;
			buildSettings = {
				ALWAYS_EMBED_SWIFT_STANDARD_LIBRARIES = YES;
				ASSETCATALOG_COMPILER_APPICON_NAME = AppIcon;
				CLANG_CXX_LIBRARY = "libc++";
				"CODE_SIGN_IDENTITY[sdk=iphoneos*]" = "iPhone Developer";
				CODE_SIGN_STYLE = Automatic;
				DEVELOPMENT_TEAM = 63KUGU4HKM;
				FRAMEWORK_SEARCH_PATHS = (
					"$(inherited)",
					"$(PROJECT_DIR)/Framework",
				);
				HEADER_SEARCH_PATHS = (
					/usr/local/include,
					/usr/include,
					"/Users/tiberiu/Downloads/mlpack-ios-master/armadillo-ios/armadillo-4.200.0/include",
					"/Users/tiberiu/Downloads/mlpack-ios-master/mlpack-ios",
				);
				INFOPLIST_FILE = asr_project/Info.plist;
				IPHONEOS_DEPLOYMENT_TARGET = 11.0;
				LD_RUNPATH_SEARCH_PATHS = "$(inherited) @executable_path/Frameworks";
				LIBRARY_SEARCH_PATHS = (
					/usr/local/lib,
					/usr/lib,
					"$(PROJECT_DIR)/Framework",
				);
				OTHER_LDFLAGS = "";
				PRODUCT_BUNDLE_IDENTIFIER = "uea-year-3.asr-project";
				PRODUCT_NAME = "$(TARGET_NAME)";
				PROVISIONING_PROFILE_SPECIFIER = "";
				SWIFT_INCLUDE_PATHS = "";
				SWIFT_OBJC_BRIDGING_HEADER = "$(PROJECT_DIR)/bridging_header.h";
				SWIFT_VERSION = 4.0;
				TARGETED_DEVICE_FAMILY = "1,2";
				USER_HEADER_SEARCH_PATHS = "";
			};
			name = Debug;
		};
		10567FA11FC30FD300BE1282 /* Release */ = {
			isa = XCBuildConfiguration;
			baseConfigurationReference = 04A16EA63FDCDF1C20A6EB7F /* Pods-asr_project.release.xcconfig */;
			buildSettings = {
				ALWAYS_EMBED_SWIFT_STANDARD_LIBRARIES = YES;
				ASSETCATALOG_COMPILER_APPICON_NAME = AppIcon;
				CLANG_CXX_LIBRARY = "libc++";
				"CODE_SIGN_IDENTITY[sdk=iphoneos*]" = "iPhone Developer";
				CODE_SIGN_STYLE = Automatic;
				DEVELOPMENT_TEAM = 63KUGU4HKM;
				FRAMEWORK_SEARCH_PATHS = (
					"$(inherited)",
					"$(PROJECT_DIR)/Framework",
				);
				HEADER_SEARCH_PATHS = (
					/usr/local/include,
					/usr/include,
					"/Users/tiberiu/Downloads/mlpack-ios-master/armadillo-ios/armadillo-4.200.0/include",
					"/Users/tiberiu/Downloads/mlpack-ios-master/mlpack-ios",
				);
				INFOPLIST_FILE = asr_project/Info.plist;
				IPHONEOS_DEPLOYMENT_TARGET = 11.0;
				LD_RUNPATH_SEARCH_PATHS = "$(inherited) @executable_path/Frameworks";
				LIBRARY_SEARCH_PATHS = (
					/usr/local/lib,
					/usr/lib,
					"$(PROJECT_DIR)/Framework",
				);
				OTHER_LDFLAGS = "";
				PRODUCT_BUNDLE_IDENTIFIER = "uea-year-3.asr-project";
				PRODUCT_NAME = "$(TARGET_NAME)";
				PROVISIONING_PROFILE_SPECIFIER = "";
				SWIFT_INCLUDE_PATHS = "";
				SWIFT_OBJC_BRIDGING_HEADER = "$(PROJECT_DIR)/bridging_header.h";
				SWIFT_VERSION = 4.0;
				TARGETED_DEVICE_FAMILY = "1,2";
				USER_HEADER_SEARCH_PATHS = "";
			};
			name = Release;
		};
		10567FA31FC30FD300BE1282 /* Debug */ = {
			isa = XCBuildConfiguration;
			baseConfigurationReference = F39A5D87FE8F4E9B788504DD /* Pods-asr_projectTests.debug.xcconfig */;
			buildSettings = {
				ALWAYS_EMBED_SWIFT_STANDARD_LIBRARIES = YES;
				BUNDLE_LOADER = "$(TEST_HOST)";
				CODE_SIGN_STYLE = Automatic;
				DEVELOPMENT_TEAM = 63KUGU4HKM;
				INFOPLIST_FILE = asr_projectTests/Info.plist;
				LD_RUNPATH_SEARCH_PATHS = "$(inherited) @executable_path/Frameworks @loader_path/Frameworks";
				PRODUCT_BUNDLE_IDENTIFIER = "uea-year-3.asr-projectTests";
				PRODUCT_NAME = "$(TARGET_NAME)";
				SWIFT_VERSION = 4.0;
				TARGETED_DEVICE_FAMILY = "1,2";
				TEST_HOST = "$(BUILT_PRODUCTS_DIR)/asr_project.app/asr_project";
			};
			name = Debug;
		};
		10567FA41FC30FD300BE1282 /* Release */ = {
			isa = XCBuildConfiguration;
			baseConfigurationReference = 674EF760FCF37297599FB9DC /* Pods-asr_projectTests.release.xcconfig */;
			buildSettings = {
				ALWAYS_EMBED_SWIFT_STANDARD_LIBRARIES = YES;
				BUNDLE_LOADER = "$(TEST_HOST)";
				CODE_SIGN_STYLE = Automatic;
				DEVELOPMENT_TEAM = 63KUGU4HKM;
				INFOPLIST_FILE = asr_projectTests/Info.plist;
				LD_RUNPATH_SEARCH_PATHS = "$(inherited) @executable_path/Frameworks @loader_path/Frameworks";
				PRODUCT_BUNDLE_IDENTIFIER = "uea-year-3.asr-projectTests";
				PRODUCT_NAME = "$(TARGET_NAME)";
				SWIFT_VERSION = 4.0;
				TARGETED_DEVICE_FAMILY = "1,2";
				TEST_HOST = "$(BUILT_PRODUCTS_DIR)/asr_project.app/asr_project";
			};
			name = Release;
		};
		10567FA61FC30FD300BE1282 /* Debug */ = {
			isa = XCBuildConfiguration;
			baseConfigurationReference = DCA0DB9823FA98BB38D4A759 /* Pods-asr_projectUITests.debug.xcconfig */;
			buildSettings = {
				ALWAYS_EMBED_SWIFT_STANDARD_LIBRARIES = YES;
				CODE_SIGN_STYLE = Automatic;
				DEVELOPMENT_TEAM = 63KUGU4HKM;
				INFOPLIST_FILE = asr_projectUITests/Info.plist;
				LD_RUNPATH_SEARCH_PATHS = "$(inherited) @executable_path/Frameworks @loader_path/Frameworks";
				PRODUCT_BUNDLE_IDENTIFIER = "uea-year-3.asr-projectUITests";
				PRODUCT_NAME = "$(TARGET_NAME)";
				SWIFT_VERSION = 4.0;
				TARGETED_DEVICE_FAMILY = "1,2";
				TEST_TARGET_NAME = asr_project;
			};
			name = Debug;
		};
		10567FA71FC30FD300BE1282 /* Release */ = {
			isa = XCBuildConfiguration;
			baseConfigurationReference = F9D397C8A957FE939E927709 /* Pods-asr_projectUITests.release.xcconfig */;
			buildSettings = {
				ALWAYS_EMBED_SWIFT_STANDARD_LIBRARIES = YES;
				CODE_SIGN_STYLE = Automatic;
				DEVELOPMENT_TEAM = 63KUGU4HKM;
				INFOPLIST_FILE = asr_projectUITests/Info.plist;
				LD_RUNPATH_SEARCH_PATHS = "$(inherited) @executable_path/Frameworks @loader_path/Frameworks";
				PRODUCT_BUNDLE_IDENTIFIER = "uea-year-3.asr-projectUITests";
				PRODUCT_NAME = "$(TARGET_NAME)";
				SWIFT_VERSION = 4.0;
				TARGETED_DEVICE_FAMILY = "1,2";
				TEST_TARGET_NAME = asr_project;
			};
			name = Release;
		};
/* End XCBuildConfiguration section */

/* Begin XCConfigurationList section */
		10567F701FC30FD200BE1282 /* Build configuration list for PBXProject "asr_project" */ = {
			isa = XCConfigurationList;
			buildConfigurations = (
				10567F9D1FC30FD300BE1282 /* Debug */,
				10567F9E1FC30FD300BE1282 /* Release */,
			);
			defaultConfigurationIsVisible = 0;
			defaultConfigurationName = Release;
		};
		10567F9F1FC30FD300BE1282 /* Build configuration list for PBXNativeTarget "asr_project" */ = {
			isa = XCConfigurationList;
			buildConfigurations = (
				10567FA01FC30FD300BE1282 /* Debug */,
				10567FA11FC30FD300BE1282 /* Release */,
			);
			defaultConfigurationIsVisible = 0;
			defaultConfigurationName = Release;
		};
		10567FA21FC30FD300BE1282 /* Build configuration list for PBXNativeTarget "asr_projectTests" */ = {
			isa = XCConfigurationList;
			buildConfigurations = (
				10567FA31FC30FD300BE1282 /* Debug */,
				10567FA41FC30FD300BE1282 /* Release */,
			);
			defaultConfigurationIsVisible = 0;
			defaultConfigurationName = Release;
		};
		10567FA51FC30FD300BE1282 /* Build configuration list for PBXNativeTarget "asr_projectUITests" */ = {
			isa = XCConfigurationList;
			buildConfigurations = (
				10567FA61FC30FD300BE1282 /* Debug */,
				10567FA71FC30FD300BE1282 /* Release */,
			);
			defaultConfigurationIsVisible = 0;
			defaultConfigurationName = Release;
		};
/* End XCConfigurationList section */
	};
	rootObject = 10567F6D1FC30FD200BE1282 /* Project object */;
}
