// !$*UTF8*$!
{
	archiveVersion = 1;
	classes = {
	};
	objectVersion = 48;
	objects = {

/* Begin PBXBuildFile section */
		1004E9032040A11400C59C31 /* friends_s01e01_joey_train.wav in Resources */ = {isa = PBXBuildFile; fileRef = 1004E8FE2040A11400C59C31 /* friends_s01e01_joey_train.wav */; };
		1004E9042040A11400C59C31 /* friends_s01e01_rachel_test.wav in Resources */ = {isa = PBXBuildFile; fileRef = 1004E8FF2040A11400C59C31 /* friends_s01e01_rachel_test.wav */; };
		1004E9052040A11400C59C31 /* friends_s01e01_paul_train.wav in Resources */ = {isa = PBXBuildFile; fileRef = 1004E9002040A11400C59C31 /* friends_s01e01_paul_train.wav */; };
		1004E9062040A11400C59C31 /* friends_s01e01_rachel_train.wav in Resources */ = {isa = PBXBuildFile; fileRef = 1004E9012040A11400C59C31 /* friends_s01e01_rachel_train.wav */; };
		1004E9072040A11400C59C31 /* friends_s01e01_billy_train.wav in Resources */ = {isa = PBXBuildFile; fileRef = 1004E9022040A11400C59C31 /* friends_s01e01_billy_train.wav */; };
		10070E4B1FD3049F0077FAEF /* VAD.swift in Sources */ = {isa = PBXBuildFile; fileRef = 10070E4A1FD3049F0077FAEF /* VAD.swift */; };
		1035924220307C9300B84721 /* mfcc_mine.cc in Sources */ = {isa = PBXBuildFile; fileRef = 1035924120307C9200B84721 /* mfcc_mine.cc */; };
		103A1A8F201E250F005845B0 /* MFCC_Computer.swift in Sources */ = {isa = PBXBuildFile; fileRef = 103A1A8E201E250E005845B0 /* MFCC_Computer.swift */; };
		1053B6E51FD999FA002C1C92 /* mfcc.cc in Sources */ = {isa = PBXBuildFile; fileRef = 1053B6E21FD999F7002C1C92 /* mfcc.cc */; };
		1053B6E61FD999FA002C1C92 /* compute-mfcc.cc in Sources */ = {isa = PBXBuildFile; fileRef = 1053B6E41FD999F8002C1C92 /* compute-mfcc.cc */; };
		1053B6E91FD99A2D002C1C92 /* mfcc_wrapper.mm in Sources */ = {isa = PBXBuildFile; fileRef = 1053B6E81FD99A2D002C1C92 /* mfcc_wrapper.mm */; };
		10567F791FC30FD200BE1282 /* AppDelegate.swift in Sources */ = {isa = PBXBuildFile; fileRef = 10567F781FC30FD200BE1282 /* AppDelegate.swift */; };
		10567F7B1FC30FD200BE1282 /* FirstViewController.swift in Sources */ = {isa = PBXBuildFile; fileRef = 10567F7A1FC30FD200BE1282 /* FirstViewController.swift */; };
		10567F7D1FC30FD200BE1282 /* SecondViewController.swift in Sources */ = {isa = PBXBuildFile; fileRef = 10567F7C1FC30FD200BE1282 /* SecondViewController.swift */; };
		10567F801FC30FD200BE1282 /* Main.storyboard in Resources */ = {isa = PBXBuildFile; fileRef = 10567F7E1FC30FD200BE1282 /* Main.storyboard */; };
		10567F821FC30FD200BE1282 /* Assets.xcassets in Resources */ = {isa = PBXBuildFile; fileRef = 10567F811FC30FD200BE1282 /* Assets.xcassets */; };
		10567F851FC30FD200BE1282 /* LaunchScreen.storyboard in Resources */ = {isa = PBXBuildFile; fileRef = 10567F831FC30FD200BE1282 /* LaunchScreen.storyboard */; };
		10567F901FC30FD300BE1282 /* asr_projectTests.swift in Sources */ = {isa = PBXBuildFile; fileRef = 10567F8F1FC30FD300BE1282 /* asr_projectTests.swift */; };
		10567F9B1FC30FD300BE1282 /* asr_projectUITests.swift in Sources */ = {isa = PBXBuildFile; fileRef = 10567F9A1FC30FD300BE1282 /* asr_projectUITests.swift */; };
		10567FAE1FC312A600BE1282 /* Process_helper.swift in Sources */ = {isa = PBXBuildFile; fileRef = 10567FAD1FC312A600BE1282 /* Process_helper.swift */; };
		10567FB01FC3137600BE1282 /* Audio_frame.swift in Sources */ = {isa = PBXBuildFile; fileRef = 10567FAF1FC3137600BE1282 /* Audio_frame.swift */; };
		10567FB21FC3176300BE1282 /* Audio_file.swift in Sources */ = {isa = PBXBuildFile; fileRef = 10567FB11FC3176300BE1282 /* Audio_file.swift */; };
		10642D0A2020A98200C3E910 /* white_noise.wav in Resources */ = {isa = PBXBuildFile; fileRef = 10642D092020A98100C3E910 /* white_noise.wav */; };
		1068B2AA204081C80029D0E3 /* asr_projectTests.xctest in Embed PlugIns */ = {isa = PBXBuildFile; fileRef = 10567F8B1FC30FD300BE1282 /* asr_projectTests.xctest */; settings = {ATTRIBUTES = (CodeSignOnCopy, RemoveHeadersOnCopy, ); }; };
		1068B2AF204081EE0029D0E3 /* AIToolbox.framework in Embed Frameworks */ = {isa = PBXBuildFile; fileRef = 1068B2A5204078570029D0E3 /* AIToolbox.framework */; settings = {ATTRIBUTES = (CodeSignOnCopy, RemoveHeadersOnCopy, ); }; };
		107435CC201D058500DCE0A7 /* 8k_8PCM_eng.mp3 in Resources */ = {isa = PBXBuildFile; fileRef = 107435CB201D058400DCE0A7 /* 8k_8PCM_eng.mp3 */; };
		10903B7A1FC5E271008F04E6 /* Speech_turn.swift in Sources */ = {isa = PBXBuildFile; fileRef = 10903B791FC5E271008F04E6 /* Speech_turn.swift */; };
		10903B7C1FC5E2A8008F04E6 /* Audio_segment.swift in Sources */ = {isa = PBXBuildFile; fileRef = 10903B7B1FC5E2A8008F04E6 /* Audio_segment.swift */; };
		10903B7F1FC5EB57008F04E6 /* 7127-75946-0002.flac in Resources */ = {isa = PBXBuildFile; fileRef = 10903B7E1FC5EB57008F04E6 /* 7127-75946-0002.flac */; };
		10A73B711FC6F27300F26885 /* S_recognizer.swift in Sources */ = {isa = PBXBuildFile; fileRef = 10A73B701FC6F27300F26885 /* S_recognizer.swift */; };
		10A9E8A32031C8FA00897B3D /* KNNDTW.swift in Sources */ = {isa = PBXBuildFile; fileRef = 10A9E8A22031C8FA00897B3D /* KNNDTW.swift */; };
		10B07E9C1FCF058D009A40B0 /* Slt.framework in Frameworks */ = {isa = PBXBuildFile; fileRef = 10B07E991FCF058D009A40B0 /* Slt.framework */; };
		10B07E9D1FCF058D009A40B0 /* OpenEars.framework in Frameworks */ = {isa = PBXBuildFile; fileRef = 10B07E9A1FCF058D009A40B0 /* OpenEars.framework */; };
		10B07E9E1FCF058D009A40B0 /* AcousticModelEnglish.bundle in Resources */ = {isa = PBXBuildFile; fileRef = 10B07E9B1FCF058D009A40B0 /* AcousticModelEnglish.bundle */; };
		10BE5F6C201CAC5F006D5AAD /* Fft_transformer.swift in Sources */ = {isa = PBXBuildFile; fileRef = 10BE5F6B201CAC5F006D5AAD /* Fft_transformer.swift */; };
		10BE5F6E201CACF4006D5AAD /* Complex_buffer.swift in Sources */ = {isa = PBXBuildFile; fileRef = 10BE5F6D201CACF4006D5AAD /* Complex_buffer.swift */; };
/* End PBXBuildFile section */

/* Begin PBXContainerItemProxy section */
		10567F8C1FC30FD300BE1282 /* PBXContainerItemProxy */ = {
			isa = PBXContainerItemProxy;
			containerPortal = 10567F6D1FC30FD200BE1282 /* Project object */;
			proxyType = 1;
			remoteGlobalIDString = 10567F741FC30FD200BE1282;
			remoteInfo = asr_project;
		};
		10567F971FC30FD300BE1282 /* PBXContainerItemProxy */ = {
			isa = PBXContainerItemProxy;
			containerPortal = 10567F6D1FC30FD200BE1282 /* Project object */;
			proxyType = 1;
			remoteGlobalIDString = 10567F741FC30FD200BE1282;
			remoteInfo = asr_project;
		};
		1068B2A0204078570029D0E3 /* PBXContainerItemProxy */ = {
			isa = PBXContainerItemProxy;
			containerPortal = 1068B25F204078560029D0E3 /* AIToolbox.xcodeproj */;
			proxyType = 2;
			remoteGlobalIDString = 0EBA29AB1A91350C0012CEC9;
			remoteInfo = AIToolbox;
		};
		1068B2A2204078570029D0E3 /* PBXContainerItemProxy */ = {
			isa = PBXContainerItemProxy;
			containerPortal = 1068B25F204078560029D0E3 /* AIToolbox.xcodeproj */;
			proxyType = 2;
			remoteGlobalIDString = 0EBA29B61A91350C0012CEC9;
			remoteInfo = AIToolboxTests;
		};
		1068B2A4204078570029D0E3 /* PBXContainerItemProxy */ = {
			isa = PBXContainerItemProxy;
			containerPortal = 1068B25F204078560029D0E3 /* AIToolbox.xcodeproj */;
			proxyType = 2;
			remoteGlobalIDString = 0E0A4F931C133E8800AD5AAE;
			remoteInfo = AIToolboxIOS;
		};
		1068B2A6204078570029D0E3 /* PBXContainerItemProxy */ = {
			isa = PBXContainerItemProxy;
			containerPortal = 1068B25F204078560029D0E3 /* AIToolbox.xcodeproj */;
			proxyType = 2;
			remoteGlobalIDString = 0E0A4F9C1C133E8800AD5AAE;
			remoteInfo = AIToolboxIOSTests;
		};
		1068B2A8204078570029D0E3 /* PBXContainerItemProxy */ = {
			isa = PBXContainerItemProxy;
			containerPortal = 1068B25F204078560029D0E3 /* AIToolbox.xcodeproj */;
			proxyType = 2;
			remoteGlobalIDString = FB0D5A231CAF09230097590B;
			remoteInfo = "AIToolbox copy";
		};
		1068B2B0204081EE0029D0E3 /* PBXContainerItemProxy */ = {
			isa = PBXContainerItemProxy;
			containerPortal = 1068B25F204078560029D0E3 /* AIToolbox.xcodeproj */;
			proxyType = 1;
			remoteGlobalIDString = 0E0A4F921C133E8800AD5AAE;
			remoteInfo = AIToolboxIOS;
		};
/* End PBXContainerItemProxy section */

/* Begin PBXCopyFilesBuildPhase section */
		1068B2AD204081C80029D0E3 /* Embed PlugIns */ = {
			isa = PBXCopyFilesBuildPhase;
			buildActionMask = 2147483647;
			dstPath = "";
			dstSubfolderSpec = 13;
			files = (
				1068B2AA204081C80029D0E3 /* asr_projectTests.xctest in Embed PlugIns */,
			);
			name = "Embed PlugIns";
			runOnlyForDeploymentPostprocessing = 0;
		};
		1068B2B2204081EF0029D0E3 /* Embed Frameworks */ = {
			isa = PBXCopyFilesBuildPhase;
			buildActionMask = 2147483647;
			dstPath = "";
			dstSubfolderSpec = 10;
			files = (
				1068B2AF204081EE0029D0E3 /* AIToolbox.framework in Embed Frameworks */,
			);
			name = "Embed Frameworks";
			runOnlyForDeploymentPostprocessing = 0;
		};
/* End PBXCopyFilesBuildPhase section */

/* Begin PBXFileReference section */
		04A16EA63FDCDF1C20A6EB7F /* Pods-asr_project.release.xcconfig */ = {isa = PBXFileReference; includeInIndex = 1; lastKnownFileType = text.xcconfig; name = "Pods-asr_project.release.xcconfig"; path = "Pods/Target Support Files/Pods-asr_project/Pods-asr_project.release.xcconfig"; sourceTree = "<group>"; };
		1004E8FE2040A11400C59C31 /* friends_s01e01_joey_train.wav */ = {isa = PBXFileReference; lastKnownFileType = audio.wav; path = friends_s01e01_joey_train.wav; sourceTree = "<group>"; };
		1004E8FF2040A11400C59C31 /* friends_s01e01_rachel_test.wav */ = {isa = PBXFileReference; lastKnownFileType = audio.wav; path = friends_s01e01_rachel_test.wav; sourceTree = "<group>"; };
		1004E9002040A11400C59C31 /* friends_s01e01_paul_train.wav */ = {isa = PBXFileReference; lastKnownFileType = audio.wav; path = friends_s01e01_paul_train.wav; sourceTree = "<group>"; };
		1004E9012040A11400C59C31 /* friends_s01e01_rachel_train.wav */ = {isa = PBXFileReference; lastKnownFileType = audio.wav; path = friends_s01e01_rachel_train.wav; sourceTree = "<group>"; };
		1004E9022040A11400C59C31 /* friends_s01e01_billy_train.wav */ = {isa = PBXFileReference; lastKnownFileType = audio.wav; path = friends_s01e01_billy_train.wav; sourceTree = "<group>"; };
		10070E4A1FD3049F0077FAEF /* VAD.swift */ = {isa = PBXFileReference; lastKnownFileType = sourcecode.swift; path = VAD.swift; sourceTree = "<group>"; };
		1035924120307C9200B84721 /* mfcc_mine.cc */ = {isa = PBXFileReference; fileEncoding = 4; lastKnownFileType = sourcecode.cpp.cpp; path = mfcc_mine.cc; sourceTree = "<group>"; };
		103A1A8E201E250E005845B0 /* MFCC_Computer.swift */ = {isa = PBXFileReference; lastKnownFileType = sourcecode.swift; path = MFCC_Computer.swift; sourceTree = "<group>"; };
		1053B6E21FD999F7002C1C92 /* mfcc.cc */ = {isa = PBXFileReference; fileEncoding = 4; lastKnownFileType = sourcecode.cpp.cpp; path = mfcc.cc; sourceTree = "<group>"; };
		1053B6E31FD999F7002C1C92 /* wavHeader.h */ = {isa = PBXFileReference; fileEncoding = 4; lastKnownFileType = sourcecode.c.h; path = wavHeader.h; sourceTree = "<group>"; };
		1053B6E41FD999F8002C1C92 /* compute-mfcc.cc */ = {isa = PBXFileReference; fileEncoding = 4; lastKnownFileType = sourcecode.cpp.cpp; path = "compute-mfcc.cc"; sourceTree = "<group>"; };
		1053B6E71FD99A1A002C1C92 /* mfcc_wrapper.h */ = {isa = PBXFileReference; lastKnownFileType = sourcecode.c.h; path = mfcc_wrapper.h; sourceTree = "<group>"; };
		1053B6E81FD99A2D002C1C92 /* mfcc_wrapper.mm */ = {isa = PBXFileReference; lastKnownFileType = sourcecode.cpp.objcpp; path = mfcc_wrapper.mm; sourceTree = "<group>"; };
		10567F751FC30FD200BE1282 /* asr_project.app */ = {isa = PBXFileReference; explicitFileType = wrapper.application; includeInIndex = 0; path = asr_project.app; sourceTree = BUILT_PRODUCTS_DIR; };
		10567F781FC30FD200BE1282 /* AppDelegate.swift */ = {isa = PBXFileReference; lastKnownFileType = sourcecode.swift; path = AppDelegate.swift; sourceTree = "<group>"; };
		10567F7A1FC30FD200BE1282 /* FirstViewController.swift */ = {isa = PBXFileReference; lastKnownFileType = sourcecode.swift; path = FirstViewController.swift; sourceTree = "<group>"; };
		10567F7C1FC30FD200BE1282 /* SecondViewController.swift */ = {isa = PBXFileReference; lastKnownFileType = sourcecode.swift; path = SecondViewController.swift; sourceTree = "<group>"; };
		10567F7F1FC30FD200BE1282 /* Base */ = {isa = PBXFileReference; lastKnownFileType = file.storyboard; name = Base; path = Base.lproj/Main.storyboard; sourceTree = "<group>"; };
		10567F811FC30FD200BE1282 /* Assets.xcassets */ = {isa = PBXFileReference; lastKnownFileType = folder.assetcatalog; path = Assets.xcassets; sourceTree = "<group>"; };
		10567F841FC30FD200BE1282 /* Base */ = {isa = PBXFileReference; lastKnownFileType = file.storyboard; name = Base; path = Base.lproj/LaunchScreen.storyboard; sourceTree = "<group>"; };
		10567F861FC30FD300BE1282 /* Info.plist */ = {isa = PBXFileReference; lastKnownFileType = text.plist.xml; path = Info.plist; sourceTree = "<group>"; };
		10567F8B1FC30FD300BE1282 /* asr_projectTests.xctest */ = {isa = PBXFileReference; explicitFileType = wrapper.cfbundle; includeInIndex = 0; path = asr_projectTests.xctest; sourceTree = BUILT_PRODUCTS_DIR; };
		10567F8F1FC30FD300BE1282 /* asr_projectTests.swift */ = {isa = PBXFileReference; lastKnownFileType = sourcecode.swift; path = asr_projectTests.swift; sourceTree = "<group>"; };
		10567F911FC30FD300BE1282 /* Info.plist */ = {isa = PBXFileReference; lastKnownFileType = text.plist.xml; path = Info.plist; sourceTree = "<group>"; };
		10567F961FC30FD300BE1282 /* asr_projectUITests.xctest */ = {isa = PBXFileReference; explicitFileType = wrapper.cfbundle; includeInIndex = 0; path = asr_projectUITests.xctest; sourceTree = BUILT_PRODUCTS_DIR; };
		10567F9A1FC30FD300BE1282 /* asr_projectUITests.swift */ = {isa = PBXFileReference; lastKnownFileType = sourcecode.swift; path = asr_projectUITests.swift; sourceTree = "<group>"; };
		10567F9C1FC30FD300BE1282 /* Info.plist */ = {isa = PBXFileReference; lastKnownFileType = text.plist.xml; path = Info.plist; sourceTree = "<group>"; };
		10567FAD1FC312A600BE1282 /* Process_helper.swift */ = {isa = PBXFileReference; lastKnownFileType = sourcecode.swift; path = Process_helper.swift; sourceTree = "<group>"; };
		10567FAF1FC3137600BE1282 /* Audio_frame.swift */ = {isa = PBXFileReference; lastKnownFileType = sourcecode.swift; path = Audio_frame.swift; sourceTree = "<group>"; };
		10567FB11FC3176300BE1282 /* Audio_file.swift */ = {isa = PBXFileReference; lastKnownFileType = sourcecode.swift; path = Audio_file.swift; sourceTree = "<group>"; };
		10642D092020A98100C3E910 /* white_noise.wav */ = {isa = PBXFileReference; lastKnownFileType = audio.wav; path = white_noise.wav; sourceTree = "<group>"; };
		1068B23D204078560029D0E3 /* LICENSE.md */ = {isa = PBXFileReference; lastKnownFileType = net.daringfireball.markdown; path = LICENSE.md; sourceTree = "<group>"; };
		1068B23E204078560029D0E3 /* CONTRIBUTIONS.md */ = {isa = PBXFileReference; lastKnownFileType = net.daringfireball.markdown; path = CONTRIBUTIONS.md; sourceTree = "<group>"; };
		1068B23F204078560029D0E3 /* PlotImage2.png */ = {isa = PBXFileReference; lastKnownFileType = image.png; path = PlotImage2.png; sourceTree = "<group>"; };
		1068B241204078560029D0E3 /* ConnectFourAlphaBeta.playground */ = {isa = PBXFileReference; lastKnownFileType = file.playground; path = ConnectFourAlphaBeta.playground; sourceTree = "<group>"; xcLanguageSpecificationIdentifier = xcode.lang.swift; };
		1068B242204078560029D0E3 /* LinearRegression.playground */ = {isa = PBXFileReference; lastKnownFileType = file.playground; path = LinearRegression.playground; sourceTree = "<group>"; xcLanguageSpecificationIdentifier = xcode.lang.swift; };
		1068B243204078560029D0E3 /* SupportVectorMachine.playground */ = {isa = PBXFileReference; lastKnownFileType = file.playground; path = SupportVectorMachine.playground; sourceTree = "<group>"; xcLanguageSpecificationIdentifier = xcode.lang.swift; };
		1068B244204078560029D0E3 /* NeuralNetwork.playground */ = {isa = PBXFileReference; lastKnownFileType = file.playground; path = NeuralNetwork.playground; sourceTree = "<group>"; };
		1068B246204078560029D0E3 /* MLUIView.swift */ = {isa = PBXFileReference; lastKnownFileType = sourcecode.swift; path = MLUIView.swift; sourceTree = "<group>"; };
		1068B247204078560029D0E3 /* Info.plist */ = {isa = PBXFileReference; lastKnownFileType = text.plist.xml; path = Info.plist; sourceTree = "<group>"; };
		1068B248204078560029D0E3 /* AIToolbox copy-Info.plist */ = {isa = PBXFileReference; lastKnownFileType = text.plist.xml; path = "AIToolbox copy-Info.plist"; sourceTree = "<group>"; };
		1068B24A204078560029D0E3 /* KMeansTest.swift */ = {isa = PBXFileReference; lastKnownFileType = sourcecode.swift; path = KMeansTest.swift; sourceTree = "<group>"; };
		1068B24B204078560029D0E3 /* MDPTests.swift */ = {isa = PBXFileReference; lastKnownFileType = sourcecode.swift; path = MDPTests.swift; sourceTree = "<group>"; };
		1068B24C204078560029D0E3 /* ValidationTests.swift */ = {isa = PBXFileReference; lastKnownFileType = sourcecode.swift; path = ValidationTests.swift; sourceTree = "<group>"; };
		1068B24D204078560029D0E3 /* TreeTests.swift */ = {isa = PBXFileReference; lastKnownFileType = sourcecode.swift; path = TreeTests.swift; sourceTree = "<group>"; };
		1068B24E204078560029D0E3 /* AlphaBetaTests.swift */ = {isa = PBXFileReference; lastKnownFileType = sourcecode.swift; path = AlphaBetaTests.swift; sourceTree = "<group>"; };
		1068B24F204078560029D0E3 /* DeepNetworkTests.swift */ = {isa = PBXFileReference; lastKnownFileType = sourcecode.swift; path = DeepNetworkTests.swift; sourceTree = "<group>"; };
		1068B250204078560029D0E3 /* MetalNeuralNetworkTests.swift */ = {isa = PBXFileReference; lastKnownFileType = sourcecode.swift; path = MetalNeuralNetworkTests.swift; sourceTree = "<group>"; };
		1068B251204078560029D0E3 /* SVMTests.swift */ = {isa = PBXFileReference; lastKnownFileType = sourcecode.swift; path = SVMTests.swift; sourceTree = "<group>"; };
		1068B252204078560029D0E3 /* ConstraintPropogationTests.swift */ = {isa = PBXFileReference; lastKnownFileType = sourcecode.swift; path = ConstraintPropogationTests.swift; sourceTree = "<group>"; };
		1068B253204078560029D0E3 /* GaussianTests.swift */ = {isa = PBXFileReference; lastKnownFileType = sourcecode.swift; path = GaussianTests.swift; sourceTree = "<group>"; };
		1068B254204078560029D0E3 /* PCATests.swift */ = {isa = PBXFileReference; lastKnownFileType = sourcecode.swift; path = PCATests.swift; sourceTree = "<group>"; };
		1068B255204078560029D0E3 /* NeuralNetworkTests.swift */ = {isa = PBXFileReference; lastKnownFileType = sourcecode.swift; path = NeuralNetworkTests.swift; sourceTree = "<group>"; };
		1068B256204078560029D0E3 /* LSTMTests.swift */ = {isa = PBXFileReference; lastKnownFileType = sourcecode.swift; path = LSTMTests.swift; sourceTree = "<group>"; };
		1068B257204078560029D0E3 /* LogisticRegressionTests.swift */ = {isa = PBXFileReference; lastKnownFileType = sourcecode.swift; path = LogisticRegressionTests.swift; sourceTree = "<group>"; };
		1068B258204078560029D0E3 /* GraphTests.swift */ = {isa = PBXFileReference; lastKnownFileType = sourcecode.swift; path = GraphTests.swift; sourceTree = "<group>"; };
		1068B259204078560029D0E3 /* SVMTests with iris.swift */ = {isa = PBXFileReference; lastKnownFileType = sourcecode.swift; path = "SVMTests with iris.swift"; sourceTree = "<group>"; };
		1068B25A204078560029D0E3 /* LinearRegressionTests.swift */ = {isa = PBXFileReference; lastKnownFileType = sourcecode.swift; path = LinearRegressionTests.swift; sourceTree = "<group>"; };
		1068B25B204078560029D0E3 /* QueueTests.swift */ = {isa = PBXFileReference; lastKnownFileType = sourcecode.swift; path = QueueTests.swift; sourceTree = "<group>"; };
		1068B25C204078560029D0E3 /* NonLinearRegressionTests.swift */ = {isa = PBXFileReference; lastKnownFileType = sourcecode.swift; path = NonLinearRegressionTests.swift; sourceTree = "<group>"; };
		1068B25D204078560029D0E3 /* Info.plist */ = {isa = PBXFileReference; lastKnownFileType = text.plist.xml; path = Info.plist; sourceTree = "<group>"; };
		1068B25E204078560029D0E3 /* MixtureOfGaussianTests.swift */ = {isa = PBXFileReference; lastKnownFileType = sourcecode.swift; path = MixtureOfGaussianTests.swift; sourceTree = "<group>"; };
		1068B25F204078560029D0E3 /* AIToolbox.xcodeproj */ = {isa = PBXFileReference; lastKnownFileType = "wrapper.pb-project"; path = AIToolbox.xcodeproj; sourceTree = "<group>"; };
		1068B262204078560029D0E3 /* README.md */ = {isa = PBXFileReference; lastKnownFileType = net.daringfireball.markdown; path = README.md; sourceTree = "<group>"; };
		1068B264204078560029D0E3 /* Classes.md */ = {isa = PBXFileReference; lastKnownFileType = net.daringfireball.markdown; path = Classes.md; sourceTree = "<group>"; };
		1068B265204078560029D0E3 /* Structures.md */ = {isa = PBXFileReference; lastKnownFileType = net.daringfireball.markdown; path = Structures.md; sourceTree = "<group>"; };
		1068B266204078560029D0E3 /* Protocols.md */ = {isa = PBXFileReference; lastKnownFileType = net.daringfireball.markdown; path = Protocols.md; sourceTree = "<group>"; };
		1068B267204078560029D0E3 /* AIToolbox.md */ = {isa = PBXFileReference; lastKnownFileType = net.daringfireball.markdown; path = AIToolbox.md; sourceTree = "<group>"; };
		1068B268204078560029D0E3 /* Enumerations.md */ = {isa = PBXFileReference; lastKnownFileType = net.daringfireball.markdown; path = Enumerations.md; sourceTree = "<group>"; };
		1068B269204078560029D0E3 /* .gitignore */ = {isa = PBXFileReference; lastKnownFileType = text; path = .gitignore; sourceTree = "<group>"; };
		1068B26A204078560029D0E3 /* PlotImage.png */ = {isa = PBXFileReference; lastKnownFileType = image.png; path = PlotImage.png; sourceTree = "<group>"; };
		1068B26C204078560029D0E3 /* LinearRegression.playground */ = {isa = PBXFileReference; lastKnownFileType = file.playground; path = LinearRegression.playground; sourceTree = "<group>"; xcLanguageSpecificationIdentifier = xcode.lang.swift; };
		1068B26D204078560029D0E3 /* SupportVectorMachine.playground */ = {isa = PBXFileReference; lastKnownFileType = file.playground; path = SupportVectorMachine.playground; sourceTree = "<group>"; };
		1068B26E204078560029D0E3 /* NeuralNetwork.playground */ = {isa = PBXFileReference; lastKnownFileType = file.playground; path = NeuralNetwork.playground; sourceTree = "<group>"; };
		1068B270204078560029D0E3 /* Info.plist */ = {isa = PBXFileReference; lastKnownFileType = text.plist.xml; path = Info.plist; sourceTree = "<group>"; };
		1068B272204078560029D0E3 /* LinearRegression.swift */ = {isa = PBXFileReference; lastKnownFileType = sourcecode.swift; path = LinearRegression.swift; sourceTree = "<group>"; };
		1068B273204078560029D0E3 /* DeepNetworkOperator.swift */ = {isa = PBXFileReference; lastKnownFileType = sourcecode.swift; path = DeepNetworkOperator.swift; sourceTree = "<group>"; };
		1068B274204078560029D0E3 /* MLView.swift */ = {isa = PBXFileReference; lastKnownFileType = sourcecode.swift; path = MLView.swift; sourceTree = "<group>"; };
		1068B275204078560029D0E3 /* DeepNeuralNetwork.swift */ = {isa = PBXFileReference; lastKnownFileType = sourcecode.swift; path = DeepNeuralNetwork.swift; sourceTree = "<group>"; };
		1068B276204078560029D0E3 /* PrincipalComponantAnalysis.swift */ = {isa = PBXFileReference; lastKnownFileType = sourcecode.swift; path = PrincipalComponantAnalysis.swift; sourceTree = "<group>"; };
		1068B277204078560029D0E3 /* MetalNeuralNetworkShaders.swift */ = {isa = PBXFileReference; lastKnownFileType = sourcecode.swift; path = MetalNeuralNetworkShaders.swift; sourceTree = "<group>"; };
		1068B278204078560029D0E3 /* LogisticRegression.swift */ = {isa = PBXFileReference; lastKnownFileType = sourcecode.swift; path = LogisticRegression.swift; sourceTree = "<group>"; };
		1068B279204078560029D0E3 /* AIToolbox.h */ = {isa = PBXFileReference; lastKnownFileType = sourcecode.c.h; path = AIToolbox.h; sourceTree = "<group>"; };
		1068B27A204078560029D0E3 /* DeepNonLinearity.swift */ = {isa = PBXFileReference; lastKnownFileType = sourcecode.swift; path = DeepNonLinearity.swift; sourceTree = "<group>"; };
		1068B27B204078560029D0E3 /* MetalNeuralNetwork.swift */ = {isa = PBXFileReference; lastKnownFileType = sourcecode.swift; path = MetalNeuralNetwork.swift; sourceTree = "<group>"; };
		1068B27C204078560029D0E3 /* NonLinearRegression.swift */ = {isa = PBXFileReference; lastKnownFileType = sourcecode.swift; path = NonLinearRegression.swift; sourceTree = "<group>"; };
		1068B27D204078560029D0E3 /* Validation.swift */ = {isa = PBXFileReference; lastKnownFileType = sourcecode.swift; path = Validation.swift; sourceTree = "<group>"; };
		1068B27E204078560029D0E3 /* Convolution.swift */ = {isa = PBXFileReference; lastKnownFileType = sourcecode.swift; path = Convolution.swift; sourceTree = "<group>"; };
		1068B27F204078560029D0E3 /* DeepNetwork.swift */ = {isa = PBXFileReference; lastKnownFileType = sourcecode.swift; path = DeepNetwork.swift; sourceTree = "<group>"; };
		1068B280204078560029D0E3 /* MetalNeuralNetworkShaders.metal */ = {isa = PBXFileReference; lastKnownFileType = sourcecode.metal; path = MetalNeuralNetworkShaders.metal; sourceTree = "<group>"; };
		1068B281204078560029D0E3 /* DeepChannel.swift */ = {isa = PBXFileReference; lastKnownFileType = sourcecode.swift; path = DeepChannel.swift; sourceTree = "<group>"; };
		1068B282204078560029D0E3 /* DeepLayer.swift */ = {isa = PBXFileReference; lastKnownFileType = sourcecode.swift; path = DeepLayer.swift; sourceTree = "<group>"; };
		1068B283204078560029D0E3 /* Pooling.swift */ = {isa = PBXFileReference; lastKnownFileType = sourcecode.swift; path = Pooling.swift; sourceTree = "<group>"; };
		1068B284204078560029D0E3 /* MixtureOfGaussians.swift */ = {isa = PBXFileReference; lastKnownFileType = sourcecode.swift; path = MixtureOfGaussians.swift; sourceTree = "<group>"; };
		1068B285204078560029D0E3 /* AlphaBeta.swift */ = {isa = PBXFileReference; lastKnownFileType = sourcecode.swift; path = AlphaBeta.swift; sourceTree = "<group>"; };
		1068B286204078560029D0E3 /* MLPersistenceProtocol.swift */ = {isa = PBXFileReference; lastKnownFileType = sourcecode.swift; path = MLPersistenceProtocol.swift; sourceTree = "<group>"; };
		1068B287204078560029D0E3 /* Info.plist */ = {isa = PBXFileReference; lastKnownFileType = text.plist.xml; path = Info.plist; sourceTree = "<group>"; };
		1068B288204078560029D0E3 /* MarkovDecisionProcess.swift */ = {isa = PBXFileReference; lastKnownFileType = sourcecode.swift; path = MarkovDecisionProcess.swift; sourceTree = "<group>"; };
		1068B28A204078560029D0E3 /* MachineLearningProtocols.swift */ = {isa = PBXFileReference; lastKnownFileType = sourcecode.swift; path = MachineLearningProtocols.swift; sourceTree = "<group>"; };
		1068B28B204078560029D0E3 /* Kernel.swift */ = {isa = PBXFileReference; lastKnownFileType = sourcecode.swift; path = Kernel.swift; sourceTree = "<group>"; };
		1068B28C204078560029D0E3 /* KMeans.swift */ = {isa = PBXFileReference; lastKnownFileType = sourcecode.swift; path = KMeans.swift; sourceTree = "<group>"; };
		1068B28D204078560029D0E3 /* SVM.swift */ = {isa = PBXFileReference; lastKnownFileType = sourcecode.swift; path = SVM.swift; sourceTree = "<group>"; };
		1068B28E204078560029D0E3 /* Linux_Accelerate_Wrapper.swift */ = {isa = PBXFileReference; lastKnownFileType = sourcecode.swift; path = Linux_Accelerate_Wrapper.swift; sourceTree = "<group>"; };
		1068B28F204078560029D0E3 /* LSTMNeuralNetwork.swift */ = {isa = PBXFileReference; lastKnownFileType = sourcecode.swift; path = LSTMNeuralNetwork.swift; sourceTree = "<group>"; };
		1068B290204078560029D0E3 /* ConstraintPropogation.swift */ = {isa = PBXFileReference; lastKnownFileType = sourcecode.swift; path = ConstraintPropogation.swift; sourceTree = "<group>"; };
		1068B291204078560029D0E3 /* RecurrentNeuralNetwork.swift */ = {isa = PBXFileReference; lastKnownFileType = sourcecode.swift; path = RecurrentNeuralNetwork.swift; sourceTree = "<group>"; };
		1068B292204078560029D0E3 /* Graph.swift */ = {isa = PBXFileReference; lastKnownFileType = sourcecode.swift; path = Graph.swift; sourceTree = "<group>"; };
		1068B293204078560029D0E3 /* DataSet.swift */ = {isa = PBXFileReference; lastKnownFileType = sourcecode.swift; path = DataSet.swift; sourceTree = "<group>"; };
		1068B294204078560029D0E3 /* NeuralNetwork.swift */ = {isa = PBXFileReference; lastKnownFileType = sourcecode.swift; path = NeuralNetwork.swift; sourceTree = "<group>"; };
		1068B295204078560029D0E3 /* Gaussian.swift */ = {isa = PBXFileReference; lastKnownFileType = sourcecode.swift; path = Gaussian.swift; sourceTree = "<group>"; };
		1068B296204078560029D0E3 /* Queue.swift */ = {isa = PBXFileReference; lastKnownFileType = sourcecode.swift; path = Queue.swift; sourceTree = "<group>"; };
		1068B297204078560029D0E3 /* Package.swift */ = {isa = PBXFileReference; lastKnownFileType = sourcecode.swift; path = Package.swift; sourceTree = "<group>"; };
		1068B298204078560029D0E3 /* SVMExtensions.swift */ = {isa = PBXFileReference; lastKnownFileType = sourcecode.swift; path = SVMExtensions.swift; sourceTree = "<group>"; };
		1068B299204078560029D0E3 /* PolicyGradient.swift */ = {isa = PBXFileReference; lastKnownFileType = sourcecode.swift; path = PolicyGradient.swift; sourceTree = "<group>"; };
		1068B29A204078560029D0E3 /* GeneticAlgorithm.swift */ = {isa = PBXFileReference; lastKnownFileType = sourcecode.swift; path = GeneticAlgorithm.swift; sourceTree = "<group>"; };
		107435CB201D058400DCE0A7 /* 8k_8PCM_eng.mp3 */ = {isa = PBXFileReference; lastKnownFileType = audio.mp3; path = 8k_8PCM_eng.mp3; sourceTree = "<group>"; };
		10903B791FC5E271008F04E6 /* Speech_turn.swift */ = {isa = PBXFileReference; lastKnownFileType = sourcecode.swift; path = Speech_turn.swift; sourceTree = "<group>"; };
		10903B7B1FC5E2A8008F04E6 /* Audio_segment.swift */ = {isa = PBXFileReference; lastKnownFileType = sourcecode.swift; path = Audio_segment.swift; sourceTree = "<group>"; };
		10903B7E1FC5EB57008F04E6 /* 7127-75946-0002.flac */ = {isa = PBXFileReference; lastKnownFileType = file; path = "7127-75946-0002.flac"; sourceTree = "<group>"; };
		10A73B701FC6F27300F26885 /* S_recognizer.swift */ = {isa = PBXFileReference; lastKnownFileType = sourcecode.swift; path = S_recognizer.swift; sourceTree = "<group>"; };
		10A9E8A22031C8FA00897B3D /* KNNDTW.swift */ = {isa = PBXFileReference; fileEncoding = 4; lastKnownFileType = sourcecode.swift; path = KNNDTW.swift; sourceTree = "<group>"; };
		10B07E991FCF058D009A40B0 /* Slt.framework */ = {isa = PBXFileReference; lastKnownFileType = wrapper.framework; path = Slt.framework; sourceTree = "<group>"; };
		10B07E9A1FCF058D009A40B0 /* OpenEars.framework */ = {isa = PBXFileReference; lastKnownFileType = wrapper.framework; path = OpenEars.framework; sourceTree = "<group>"; };
		10B07E9B1FCF058D009A40B0 /* AcousticModelEnglish.bundle */ = {isa = PBXFileReference; lastKnownFileType = "wrapper.plug-in"; path = AcousticModelEnglish.bundle; sourceTree = "<group>"; };
		10B0807D1FCF12F5009A40B0 /* bridging_header.h */ = {isa = PBXFileReference; lastKnownFileType = sourcecode.c.h; path = bridging_header.h; sourceTree = "<group>"; };
		10BE5F6B201CAC5F006D5AAD /* Fft_transformer.swift */ = {isa = PBXFileReference; lastKnownFileType = sourcecode.swift; path = Fft_transformer.swift; sourceTree = "<group>"; };
		10BE5F6D201CACF4006D5AAD /* Complex_buffer.swift */ = {isa = PBXFileReference; lastKnownFileType = sourcecode.swift; path = Complex_buffer.swift; sourceTree = "<group>"; };
		674EF760FCF37297599FB9DC /* Pods-asr_projectTests.release.xcconfig */ = {isa = PBXFileReference; includeInIndex = 1; lastKnownFileType = text.xcconfig; name = "Pods-asr_projectTests.release.xcconfig"; path = "Pods/Target Support Files/Pods-asr_projectTests/Pods-asr_projectTests.release.xcconfig"; sourceTree = "<group>"; };
		D78291F6877D77E6FD630997 /* Pods-asr_project.debug.xcconfig */ = {isa = PBXFileReference; includeInIndex = 1; lastKnownFileType = text.xcconfig; name = "Pods-asr_project.debug.xcconfig"; path = "Pods/Target Support Files/Pods-asr_project/Pods-asr_project.debug.xcconfig"; sourceTree = "<group>"; };
		DCA0DB9823FA98BB38D4A759 /* Pods-asr_projectUITests.debug.xcconfig */ = {isa = PBXFileReference; includeInIndex = 1; lastKnownFileType = text.xcconfig; name = "Pods-asr_projectUITests.debug.xcconfig"; path = "Pods/Target Support Files/Pods-asr_projectUITests/Pods-asr_projectUITests.debug.xcconfig"; sourceTree = "<group>"; };
		F39A5D87FE8F4E9B788504DD /* Pods-asr_projectTests.debug.xcconfig */ = {isa = PBXFileReference; includeInIndex = 1; lastKnownFileType = text.xcconfig; name = "Pods-asr_projectTests.debug.xcconfig"; path = "Pods/Target Support Files/Pods-asr_projectTests/Pods-asr_projectTests.debug.xcconfig"; sourceTree = "<group>"; };
		F9D397C8A957FE939E927709 /* Pods-asr_projectUITests.release.xcconfig */ = {isa = PBXFileReference; includeInIndex = 1; lastKnownFileType = text.xcconfig; name = "Pods-asr_projectUITests.release.xcconfig"; path = "Pods/Target Support Files/Pods-asr_projectUITests/Pods-asr_projectUITests.release.xcconfig"; sourceTree = "<group>"; };
/* End PBXFileReference section */

/* Begin PBXFrameworksBuildPhase section */
		10567F721FC30FD200BE1282 /* Frameworks */ = {
			isa = PBXFrameworksBuildPhase;
			buildActionMask = 2147483647;
			files = (
				10B07E9C1FCF058D009A40B0 /* Slt.framework in Frameworks */,
				10B07E9D1FCF058D009A40B0 /* OpenEars.framework in Frameworks */,
			);
			runOnlyForDeploymentPostprocessing = 0;
		};
		10567F881FC30FD300BE1282 /* Frameworks */ = {
			isa = PBXFrameworksBuildPhase;
			buildActionMask = 2147483647;
			files = (
			);
			runOnlyForDeploymentPostprocessing = 0;
		};
		10567F931FC30FD300BE1282 /* Frameworks */ = {
			isa = PBXFrameworksBuildPhase;
			buildActionMask = 2147483647;
			files = (
			);
			runOnlyForDeploymentPostprocessing = 0;
		};
/* End PBXFrameworksBuildPhase section */

/* Begin PBXGroup section */
		1053B6E11FD999D1002C1C92 /* Mfcc */ = {
			isa = PBXGroup;
			children = (
				1035924120307C9200B84721 /* mfcc_mine.cc */,
				1053B6E41FD999F8002C1C92 /* compute-mfcc.cc */,
				1053B6E21FD999F7002C1C92 /* mfcc.cc */,
				1053B6E31FD999F7002C1C92 /* wavHeader.h */,
				1053B6E71FD99A1A002C1C92 /* mfcc_wrapper.h */,
				1053B6E81FD99A2D002C1C92 /* mfcc_wrapper.mm */,
			);
			path = Mfcc;
			sourceTree = "<group>";
		};
		10567F6C1FC30FD200BE1282 = {
			isa = PBXGroup;
			children = (
				10B0807D1FCF12F5009A40B0 /* bridging_header.h */,
				1068B231204077400029D0E3 /* training_data */,
				1053B6E11FD999D1002C1C92 /* Mfcc */,
				10B07E981FCF058D009A40B0 /* Framework */,
				10903B7E1FC5EB57008F04E6 /* 7127-75946-0002.flac */,
				107435CB201D058400DCE0A7 /* 8k_8PCM_eng.mp3 */,
				10642D092020A98100C3E910 /* white_noise.wav */,
				10567F771FC30FD200BE1282 /* asr_project */,
				10567F8E1FC30FD300BE1282 /* asr_projectTests */,
				10567F991FC30FD300BE1282 /* asr_projectUITests */,
				10567F761FC30FD200BE1282 /* Products */,
				10B07E951FCF04A9009A40B0 /* Frameworks */,
				537C75DC5BD029E97B058B9A /* Pods */,
			);
			sourceTree = "<group>";
		};
		10567F761FC30FD200BE1282 /* Products */ = {
			isa = PBXGroup;
			children = (
				10567F751FC30FD200BE1282 /* asr_project.app */,
				10567F8B1FC30FD300BE1282 /* asr_projectTests.xctest */,
				10567F961FC30FD300BE1282 /* asr_projectUITests.xctest */,
			);
			name = Products;
			sourceTree = "<group>";
		};
		10567F771FC30FD200BE1282 /* asr_project */ = {
			isa = PBXGroup;
			children = (
				10567FAC1FC3120400BE1282 /* Classifiers */,
				10567FA81FC3118F00BE1282 /* ViewController */,
				10567FAA1FC311C300BE1282 /* Helpers */,
				10567FAB1FC311EA00BE1282 /* Sound_processing */,
				10567F7E1FC30FD200BE1282 /* Main.storyboard */,
				10567F831FC30FD200BE1282 /* LaunchScreen.storyboard */,
				10567F811FC30FD200BE1282 /* Assets.xcassets */,
				10567F861FC30FD300BE1282 /* Info.plist */,
				10567F781FC30FD200BE1282 /* AppDelegate.swift */,
			);
			path = asr_project;
			sourceTree = "<group>";
		};
		10567F8E1FC30FD300BE1282 /* asr_projectTests */ = {
			isa = PBXGroup;
			children = (
				10567F8F1FC30FD300BE1282 /* asr_projectTests.swift */,
				10567F911FC30FD300BE1282 /* Info.plist */,
			);
			path = asr_projectTests;
			sourceTree = "<group>";
		};
		10567F991FC30FD300BE1282 /* asr_projectUITests */ = {
			isa = PBXGroup;
			children = (
				10567F9A1FC30FD300BE1282 /* asr_projectUITests.swift */,
				10567F9C1FC30FD300BE1282 /* Info.plist */,
			);
			path = asr_projectUITests;
			sourceTree = "<group>";
		};
		10567FA81FC3118F00BE1282 /* ViewController */ = {
			isa = PBXGroup;
			children = (
				10567F7A1FC30FD200BE1282 /* FirstViewController.swift */,
				10567F7C1FC30FD200BE1282 /* SecondViewController.swift */,
			);
			path = ViewController;
			sourceTree = "<group>";
		};
		10567FAA1FC311C300BE1282 /* Helpers */ = {
			isa = PBXGroup;
			children = (
				10567FAD1FC312A600BE1282 /* Process_helper.swift */,
				10A73B701FC6F27300F26885 /* S_recognizer.swift */,
				10567FB11FC3176300BE1282 /* Audio_file.swift */,
				10BE5F6B201CAC5F006D5AAD /* Fft_transformer.swift */,
				10BE5F6D201CACF4006D5AAD /* Complex_buffer.swift */,
				103A1A8E201E250E005845B0 /* MFCC_Computer.swift */,
			);
			path = Helpers;
			sourceTree = "<group>";
		};
		10567FAB1FC311EA00BE1282 /* Sound_processing */ = {
			isa = PBXGroup;
			children = (
				10567FAF1FC3137600BE1282 /* Audio_frame.swift */,
				10903B791FC5E271008F04E6 /* Speech_turn.swift */,
				10903B7B1FC5E2A8008F04E6 /* Audio_segment.swift */,
				10070E4A1FD3049F0077FAEF /* VAD.swift */,
			);
			path = Sound_processing;
			sourceTree = "<group>";
		};
		10567FAC1FC3120400BE1282 /* Classifiers */ = {
			isa = PBXGroup;
			children = (
				10A9E8A22031C8FA00897B3D /* KNNDTW.swift */,
			);
			path = Classifiers;
			sourceTree = "<group>";
		};
		1068B231204077400029D0E3 /* training_data */ = {
			isa = PBXGroup;
			children = (
				1004E9022040A11400C59C31 /* friends_s01e01_billy_train.wav */,
				1004E8FE2040A11400C59C31 /* friends_s01e01_joey_train.wav */,
				1004E9002040A11400C59C31 /* friends_s01e01_paul_train.wav */,
				1004E8FF2040A11400C59C31 /* friends_s01e01_rachel_test.wav */,
				1004E9012040A11400C59C31 /* friends_s01e01_rachel_train.wav */,
			);
			path = training_data;
			sourceTree = "<group>";
		};
		1068B23C204078560029D0E3 /* AIToolbox */ = {
			isa = PBXGroup;
			children = (
				1068B23D204078560029D0E3 /* LICENSE.md */,
				1068B23E204078560029D0E3 /* CONTRIBUTIONS.md */,
				1068B23F204078560029D0E3 /* PlotImage2.png */,
				1068B240204078560029D0E3 /* iOS Playgrounds */,
				1068B245204078560029D0E3 /* AIToolboxIOS */,
				1068B248204078560029D0E3 /* AIToolbox copy-Info.plist */,
				1068B249204078560029D0E3 /* AIToolboxTests */,
				1068B25F204078560029D0E3 /* AIToolbox.xcodeproj */,
				1068B262204078560029D0E3 /* README.md */,
				1068B263204078560029D0E3 /* Manual */,
				1068B269204078560029D0E3 /* .gitignore */,
				1068B26A204078560029D0E3 /* PlotImage.png */,
				1068B26B204078560029D0E3 /* Playgrounds */,
				1068B26F204078560029D0E3 /* AIToolboxIOSTests */,
				1068B271204078560029D0E3 /* AIToolbox */,
				1068B289204078560029D0E3 /* Package */,
			);
			name = AIToolbox;
			path = ../Downloads/AIToolbox;
			sourceTree = "<group>";
		};
		1068B240204078560029D0E3 /* iOS Playgrounds */ = {
			isa = PBXGroup;
			children = (
				1068B241204078560029D0E3 /* ConnectFourAlphaBeta.playground */,
				1068B242204078560029D0E3 /* LinearRegression.playground */,
				1068B243204078560029D0E3 /* SupportVectorMachine.playground */,
				1068B244204078560029D0E3 /* NeuralNetwork.playground */,
			);
			path = "iOS Playgrounds";
			sourceTree = "<group>";
		};
		1068B245204078560029D0E3 /* AIToolboxIOS */ = {
			isa = PBXGroup;
			children = (
				1068B246204078560029D0E3 /* MLUIView.swift */,
				1068B247204078560029D0E3 /* Info.plist */,
			);
			path = AIToolboxIOS;
			sourceTree = "<group>";
		};
		1068B249204078560029D0E3 /* AIToolboxTests */ = {
			isa = PBXGroup;
			children = (
				1068B24A204078560029D0E3 /* KMeansTest.swift */,
				1068B24B204078560029D0E3 /* MDPTests.swift */,
				1068B24C204078560029D0E3 /* ValidationTests.swift */,
				1068B24D204078560029D0E3 /* TreeTests.swift */,
				1068B24E204078560029D0E3 /* AlphaBetaTests.swift */,
				1068B24F204078560029D0E3 /* DeepNetworkTests.swift */,
				1068B250204078560029D0E3 /* MetalNeuralNetworkTests.swift */,
				1068B251204078560029D0E3 /* SVMTests.swift */,
				1068B252204078560029D0E3 /* ConstraintPropogationTests.swift */,
				1068B253204078560029D0E3 /* GaussianTests.swift */,
				1068B254204078560029D0E3 /* PCATests.swift */,
				1068B255204078560029D0E3 /* NeuralNetworkTests.swift */,
				1068B256204078560029D0E3 /* LSTMTests.swift */,
				1068B257204078560029D0E3 /* LogisticRegressionTests.swift */,
				1068B258204078560029D0E3 /* GraphTests.swift */,
				1068B259204078560029D0E3 /* SVMTests with iris.swift */,
				1068B25A204078560029D0E3 /* LinearRegressionTests.swift */,
				1068B25B204078560029D0E3 /* QueueTests.swift */,
				1068B25C204078560029D0E3 /* NonLinearRegressionTests.swift */,
				1068B25D204078560029D0E3 /* Info.plist */,
				1068B25E204078560029D0E3 /* MixtureOfGaussianTests.swift */,
			);
			path = AIToolboxTests;
			sourceTree = "<group>";
		};
		1068B260204078560029D0E3 /* Products */ = {
			isa = PBXGroup;
			children = (
				1068B2A1204078570029D0E3 /* AIToolbox.framework */,
				1068B2A3204078570029D0E3 /* AIToolboxTests.xctest */,
				1068B2A5204078570029D0E3 /* AIToolbox.framework */,
				1068B2A7204078570029D0E3 /* AIToolboxIOSTests.xctest */,
				1068B2A9204078570029D0E3 /* AIToolbox copy.framework */,
			);
			name = Products;
			sourceTree = "<group>";
		};
		1068B263204078560029D0E3 /* Manual */ = {
			isa = PBXGroup;
			children = (
				1068B264204078560029D0E3 /* Classes.md */,
				1068B265204078560029D0E3 /* Structures.md */,
				1068B266204078560029D0E3 /* Protocols.md */,
				1068B267204078560029D0E3 /* AIToolbox.md */,
				1068B268204078560029D0E3 /* Enumerations.md */,
			);
			path = Manual;
			sourceTree = "<group>";
		};
		1068B26B204078560029D0E3 /* Playgrounds */ = {
			isa = PBXGroup;
			children = (
				1068B26C204078560029D0E3 /* LinearRegression.playground */,
				1068B26D204078560029D0E3 /* SupportVectorMachine.playground */,
				1068B26E204078560029D0E3 /* NeuralNetwork.playground */,
			);
			path = Playgrounds;
			sourceTree = "<group>";
		};
		1068B26F204078560029D0E3 /* AIToolboxIOSTests */ = {
			isa = PBXGroup;
			children = (
				1068B270204078560029D0E3 /* Info.plist */,
			);
			path = AIToolboxIOSTests;
			sourceTree = "<group>";
		};
		1068B271204078560029D0E3 /* AIToolbox */ = {
			isa = PBXGroup;
			children = (
				1068B272204078560029D0E3 /* LinearRegression.swift */,
				1068B273204078560029D0E3 /* DeepNetworkOperator.swift */,
				1068B274204078560029D0E3 /* MLView.swift */,
				1068B275204078560029D0E3 /* DeepNeuralNetwork.swift */,
				1068B276204078560029D0E3 /* PrincipalComponantAnalysis.swift */,
				1068B277204078560029D0E3 /* MetalNeuralNetworkShaders.swift */,
				1068B278204078560029D0E3 /* LogisticRegression.swift */,
				1068B279204078560029D0E3 /* AIToolbox.h */,
				1068B27A204078560029D0E3 /* DeepNonLinearity.swift */,
				1068B27B204078560029D0E3 /* MetalNeuralNetwork.swift */,
				1068B27C204078560029D0E3 /* NonLinearRegression.swift */,
				1068B27D204078560029D0E3 /* Validation.swift */,
				1068B27E204078560029D0E3 /* Convolution.swift */,
				1068B27F204078560029D0E3 /* DeepNetwork.swift */,
				1068B280204078560029D0E3 /* MetalNeuralNetworkShaders.metal */,
				1068B281204078560029D0E3 /* DeepChannel.swift */,
				1068B282204078560029D0E3 /* DeepLayer.swift */,
				1068B283204078560029D0E3 /* Pooling.swift */,
				1068B284204078560029D0E3 /* MixtureOfGaussians.swift */,
				1068B285204078560029D0E3 /* AlphaBeta.swift */,
				1068B286204078560029D0E3 /* MLPersistenceProtocol.swift */,
				1068B287204078560029D0E3 /* Info.plist */,
				1068B288204078560029D0E3 /* MarkovDecisionProcess.swift */,
			);
			path = AIToolbox;
			sourceTree = "<group>";
		};
		1068B289204078560029D0E3 /* Package */ = {
			isa = PBXGroup;
			children = (
				1068B28A204078560029D0E3 /* MachineLearningProtocols.swift */,
				1068B28B204078560029D0E3 /* Kernel.swift */,
				1068B28C204078560029D0E3 /* KMeans.swift */,
				1068B28D204078560029D0E3 /* SVM.swift */,
				1068B28E204078560029D0E3 /* Linux_Accelerate_Wrapper.swift */,
				1068B28F204078560029D0E3 /* LSTMNeuralNetwork.swift */,
				1068B290204078560029D0E3 /* ConstraintPropogation.swift */,
				1068B291204078560029D0E3 /* RecurrentNeuralNetwork.swift */,
				1068B292204078560029D0E3 /* Graph.swift */,
				1068B293204078560029D0E3 /* DataSet.swift */,
				1068B294204078560029D0E3 /* NeuralNetwork.swift */,
				1068B295204078560029D0E3 /* Gaussian.swift */,
				1068B296204078560029D0E3 /* Queue.swift */,
				1068B297204078560029D0E3 /* Package.swift */,
				1068B298204078560029D0E3 /* SVMExtensions.swift */,
				1068B299204078560029D0E3 /* PolicyGradient.swift */,
				1068B29A204078560029D0E3 /* GeneticAlgorithm.swift */,
			);
			path = Package;
			sourceTree = "<group>";
		};
		10B07E951FCF04A9009A40B0 /* Frameworks */ = {
			isa = PBXGroup;
			children = (
				1068B23C204078560029D0E3 /* AIToolbox */,
			);
			name = Frameworks;
			sourceTree = "<group>";
		};
		10B07E981FCF058D009A40B0 /* Framework */ = {
			isa = PBXGroup;
			children = (
				10B07E991FCF058D009A40B0 /* Slt.framework */,
				10B07E9A1FCF058D009A40B0 /* OpenEars.framework */,
				10B07E9B1FCF058D009A40B0 /* AcousticModelEnglish.bundle */,
			);
			path = Framework;
			sourceTree = "<group>";
		};
		537C75DC5BD029E97B058B9A /* Pods */ = {
			isa = PBXGroup;
			children = (
				D78291F6877D77E6FD630997 /* Pods-asr_project.debug.xcconfig */,
				04A16EA63FDCDF1C20A6EB7F /* Pods-asr_project.release.xcconfig */,
				F39A5D87FE8F4E9B788504DD /* Pods-asr_projectTests.debug.xcconfig */,
				674EF760FCF37297599FB9DC /* Pods-asr_projectTests.release.xcconfig */,
				DCA0DB9823FA98BB38D4A759 /* Pods-asr_projectUITests.debug.xcconfig */,
				F9D397C8A957FE939E927709 /* Pods-asr_projectUITests.release.xcconfig */,
			);
			name = Pods;
			sourceTree = "<group>";
		};
/* End PBXGroup section */

/* Begin PBXNativeTarget section */
		10567F741FC30FD200BE1282 /* asr_project */ = {
			isa = PBXNativeTarget;
			buildConfigurationList = 10567F9F1FC30FD300BE1282 /* Build configuration list for PBXNativeTarget "asr_project" */;
			buildPhases = (
				8244BD80F5538D73D23A8116 /* [CP] Check Pods Manifest.lock */,
				10567F711FC30FD200BE1282 /* Sources */,
				10567F721FC30FD200BE1282 /* Frameworks */,
				10567F731FC30FD200BE1282 /* Resources */,
				E4C7118C1B2BC31B3FCC0648 /* [CP] Embed Pods Frameworks */,
				76EC28708E262AB6B87A2F54 /* [CP] Copy Pods Resources */,
				1068B2AD204081C80029D0E3 /* Embed PlugIns */,
				1068B2B2204081EF0029D0E3 /* Embed Frameworks */,
			);
			buildRules = (
			);
			dependencies = (
				1068B2B1204081EE0029D0E3 /* PBXTargetDependency */,
			);
			name = asr_project;
			productName = asr_project;
			productReference = 10567F751FC30FD200BE1282 /* asr_project.app */;
			productType = "com.apple.product-type.application";
		};
		10567F8A1FC30FD300BE1282 /* asr_projectTests */ = {
			isa = PBXNativeTarget;
			buildConfigurationList = 10567FA21FC30FD300BE1282 /* Build configuration list for PBXNativeTarget "asr_projectTests" */;
			buildPhases = (
				4BB0C5AECF4D71C6BC98FF50 /* [CP] Check Pods Manifest.lock */,
				10567F871FC30FD300BE1282 /* Sources */,
				10567F881FC30FD300BE1282 /* Frameworks */,
				10567F891FC30FD300BE1282 /* Resources */,
				951B8651A09EDCC10F3531AF /* [CP] Embed Pods Frameworks */,
				38BA5D0F2B85D97AA9306AFB /* [CP] Copy Pods Resources */,
			);
			buildRules = (
			);
			dependencies = (
				10567F8D1FC30FD300BE1282 /* PBXTargetDependency */,
			);
			name = asr_projectTests;
			productName = asr_projectTests;
			productReference = 10567F8B1FC30FD300BE1282 /* asr_projectTests.xctest */;
			productType = "com.apple.product-type.bundle.unit-test";
		};
		10567F951FC30FD300BE1282 /* asr_projectUITests */ = {
			isa = PBXNativeTarget;
			buildConfigurationList = 10567FA51FC30FD300BE1282 /* Build configuration list for PBXNativeTarget "asr_projectUITests" */;
			buildPhases = (
				A2150F130F39F9AD3BE03CB9 /* [CP] Check Pods Manifest.lock */,
				10567F921FC30FD300BE1282 /* Sources */,
				10567F931FC30FD300BE1282 /* Frameworks */,
				10567F941FC30FD300BE1282 /* Resources */,
				B3FE9B3BF004B644F5BAE417 /* [CP] Embed Pods Frameworks */,
				9D877A5921A79834D99BB116 /* [CP] Copy Pods Resources */,
			);
			buildRules = (
			);
			dependencies = (
				10567F981FC30FD300BE1282 /* PBXTargetDependency */,
			);
			name = asr_projectUITests;
			productName = asr_projectUITests;
			productReference = 10567F961FC30FD300BE1282 /* asr_projectUITests.xctest */;
			productType = "com.apple.product-type.bundle.ui-testing";
		};
/* End PBXNativeTarget section */

/* Begin PBXProject section */
		10567F6D1FC30FD200BE1282 /* Project object */ = {
			isa = PBXProject;
			attributes = {
				LastSwiftUpdateCheck = 0910;
				LastUpgradeCheck = 0910;
				ORGANIZATIONNAME = "Tiberiu Simion Voicu";
				TargetAttributes = {
					10567F741FC30FD200BE1282 = {
						CreatedOnToolsVersion = 9.1;
						ProvisioningStyle = Automatic;
					};
					10567F8A1FC30FD300BE1282 = {
						CreatedOnToolsVersion = 9.1;
						ProvisioningStyle = Automatic;
						TestTargetID = 10567F741FC30FD200BE1282;
					};
					10567F951FC30FD300BE1282 = {
						CreatedOnToolsVersion = 9.1;
						ProvisioningStyle = Automatic;
						TestTargetID = 10567F741FC30FD200BE1282;
					};
				};
			};
			buildConfigurationList = 10567F701FC30FD200BE1282 /* Build configuration list for PBXProject "asr_project" */;
			compatibilityVersion = "Xcode 8.0";
			developmentRegion = en;
			hasScannedForEncodings = 0;
			knownRegions = (
				en,
				Base,
			);
			mainGroup = 10567F6C1FC30FD200BE1282;
			productRefGroup = 10567F761FC30FD200BE1282 /* Products */;
			projectDirPath = "";
			projectReferences = (
				{
					ProductGroup = 1068B260204078560029D0E3 /* Products */;
					ProjectRef = 1068B25F204078560029D0E3 /* AIToolbox.xcodeproj */;
				},
			);
			projectRoot = "";
			targets = (
				10567F741FC30FD200BE1282 /* asr_project */,
				10567F8A1FC30FD300BE1282 /* asr_projectTests */,
				10567F951FC30FD300BE1282 /* asr_projectUITests */,
			);
		};
/* End PBXProject section */

/* Begin PBXReferenceProxy section */
		1068B2A1204078570029D0E3 /* AIToolbox.framework */ = {
			isa = PBXReferenceProxy;
			fileType = wrapper.framework;
			path = AIToolbox.framework;
			remoteRef = 1068B2A0204078570029D0E3 /* PBXContainerItemProxy */;
			sourceTree = BUILT_PRODUCTS_DIR;
		};
		1068B2A3204078570029D0E3 /* AIToolboxTests.xctest */ = {
			isa = PBXReferenceProxy;
			fileType = wrapper.cfbundle;
			path = AIToolboxTests.xctest;
			remoteRef = 1068B2A2204078570029D0E3 /* PBXContainerItemProxy */;
			sourceTree = BUILT_PRODUCTS_DIR;
		};
		1068B2A5204078570029D0E3 /* AIToolbox.framework */ = {
			isa = PBXReferenceProxy;
			fileType = wrapper.framework;
			path = AIToolbox.framework;
			remoteRef = 1068B2A4204078570029D0E3 /* PBXContainerItemProxy */;
			sourceTree = BUILT_PRODUCTS_DIR;
		};
		1068B2A7204078570029D0E3 /* AIToolboxIOSTests.xctest */ = {
			isa = PBXReferenceProxy;
			fileType = wrapper.cfbundle;
			path = AIToolboxIOSTests.xctest;
			remoteRef = 1068B2A6204078570029D0E3 /* PBXContainerItemProxy */;
			sourceTree = BUILT_PRODUCTS_DIR;
		};
		1068B2A9204078570029D0E3 /* AIToolbox copy.framework */ = {
			isa = PBXReferenceProxy;
			fileType = wrapper.framework;
			path = "AIToolbox copy.framework";
			remoteRef = 1068B2A8204078570029D0E3 /* PBXContainerItemProxy */;
			sourceTree = BUILT_PRODUCTS_DIR;
		};
/* End PBXReferenceProxy section */

/* Begin PBXResourcesBuildPhase section */
		10567F731FC30FD200BE1282 /* Resources */ = {
			isa = PBXResourcesBuildPhase;
			buildActionMask = 2147483647;
			files = (
				1004E9062040A11400C59C31 /* friends_s01e01_rachel_train.wav in Resources */,
				1004E9032040A11400C59C31 /* friends_s01e01_joey_train.wav in Resources */,
				10903B7F1FC5EB57008F04E6 /* 7127-75946-0002.flac in Resources */,
				10567F851FC30FD200BE1282 /* LaunchScreen.storyboard in Resources */,
				10B07E9E1FCF058D009A40B0 /* AcousticModelEnglish.bundle in Resources */,
				10567F821FC30FD200BE1282 /* Assets.xcassets in Resources */,
				1004E9072040A11400C59C31 /* friends_s01e01_billy_train.wav in Resources */,
				1004E9052040A11400C59C31 /* friends_s01e01_paul_train.wav in Resources */,
				10567F801FC30FD200BE1282 /* Main.storyboard in Resources */,
				107435CC201D058500DCE0A7 /* 8k_8PCM_eng.mp3 in Resources */,
				1004E9042040A11400C59C31 /* friends_s01e01_rachel_test.wav in Resources */,
				10642D0A2020A98200C3E910 /* white_noise.wav in Resources */,
			);
			runOnlyForDeploymentPostprocessing = 0;
		};
		10567F891FC30FD300BE1282 /* Resources */ = {
			isa = PBXResourcesBuildPhase;
			buildActionMask = 2147483647;
			files = (
			);
			runOnlyForDeploymentPostprocessing = 0;
		};
		10567F941FC30FD300BE1282 /* Resources */ = {
			isa = PBXResourcesBuildPhase;
			buildActionMask = 2147483647;
			files = (
			);
			runOnlyForDeploymentPostprocessing = 0;
		};
/* End PBXResourcesBuildPhase section */

/* Begin PBXShellScriptBuildPhase section */
		38BA5D0F2B85D97AA9306AFB /* [CP] Copy Pods Resources */ = {
			isa = PBXShellScriptBuildPhase;
			buildActionMask = 2147483647;
			files = (
			);
			inputPaths = (
			);
			name = "[CP] Copy Pods Resources";
			outputPaths = (
			);
			runOnlyForDeploymentPostprocessing = 0;
			shellPath = /bin/sh;
			shellScript = "\"${SRCROOT}/Pods/Target Support Files/Pods-asr_projectTests/Pods-asr_projectTests-resources.sh\"\n";
			showEnvVarsInLog = 0;
		};
		4BB0C5AECF4D71C6BC98FF50 /* [CP] Check Pods Manifest.lock */ = {
			isa = PBXShellScriptBuildPhase;
			buildActionMask = 2147483647;
			files = (
			);
			inputPaths = (
				"${PODS_PODFILE_DIR_PATH}/Podfile.lock",
				"${PODS_ROOT}/Manifest.lock",
			);
			name = "[CP] Check Pods Manifest.lock";
			outputPaths = (
				"$(DERIVED_FILE_DIR)/Pods-asr_projectTests-checkManifestLockResult.txt",
			);
			runOnlyForDeploymentPostprocessing = 0;
			shellPath = /bin/sh;
			shellScript = "diff \"${PODS_PODFILE_DIR_PATH}/Podfile.lock\" \"${PODS_ROOT}/Manifest.lock\" > /dev/null\nif [ $? != 0 ] ; then\n    # print error to STDERR\n    echo \"error: The sandbox is not in sync with the Podfile.lock. Run 'pod install' or update your CocoaPods installation.\" >&2\n    exit 1\nfi\n# This output is used by Xcode 'outputs' to avoid re-running this script phase.\necho \"SUCCESS\" > \"${SCRIPT_OUTPUT_FILE_0}\"\n";
			showEnvVarsInLog = 0;
		};
		76EC28708E262AB6B87A2F54 /* [CP] Copy Pods Resources */ = {
			isa = PBXShellScriptBuildPhase;
			buildActionMask = 2147483647;
			files = (
			);
			inputPaths = (
			);
			name = "[CP] Copy Pods Resources";
			outputPaths = (
			);
			runOnlyForDeploymentPostprocessing = 0;
			shellPath = /bin/sh;
			shellScript = "\"${SRCROOT}/Pods/Target Support Files/Pods-asr_project/Pods-asr_project-resources.sh\"\n";
			showEnvVarsInLog = 0;
		};
		8244BD80F5538D73D23A8116 /* [CP] Check Pods Manifest.lock */ = {
			isa = PBXShellScriptBuildPhase;
			buildActionMask = 2147483647;
			files = (
			);
			inputPaths = (
				"${PODS_PODFILE_DIR_PATH}/Podfile.lock",
				"${PODS_ROOT}/Manifest.lock",
			);
			name = "[CP] Check Pods Manifest.lock";
			outputPaths = (
				"$(DERIVED_FILE_DIR)/Pods-asr_project-checkManifestLockResult.txt",
			);
			runOnlyForDeploymentPostprocessing = 0;
			shellPath = /bin/sh;
			shellScript = "diff \"${PODS_PODFILE_DIR_PATH}/Podfile.lock\" \"${PODS_ROOT}/Manifest.lock\" > /dev/null\nif [ $? != 0 ] ; then\n    # print error to STDERR\n    echo \"error: The sandbox is not in sync with the Podfile.lock. Run 'pod install' or update your CocoaPods installation.\" >&2\n    exit 1\nfi\n# This output is used by Xcode 'outputs' to avoid re-running this script phase.\necho \"SUCCESS\" > \"${SCRIPT_OUTPUT_FILE_0}\"\n";
			showEnvVarsInLog = 0;
		};
		951B8651A09EDCC10F3531AF /* [CP] Embed Pods Frameworks */ = {
			isa = PBXShellScriptBuildPhase;
			buildActionMask = 2147483647;
			files = (
			);
			inputPaths = (
			);
			name = "[CP] Embed Pods Frameworks";
			outputPaths = (
			);
			runOnlyForDeploymentPostprocessing = 0;
			shellPath = /bin/sh;
			shellScript = "\"${SRCROOT}/Pods/Target Support Files/Pods-asr_projectTests/Pods-asr_projectTests-frameworks.sh\"\n";
			showEnvVarsInLog = 0;
		};
		9D877A5921A79834D99BB116 /* [CP] Copy Pods Resources */ = {
			isa = PBXShellScriptBuildPhase;
			buildActionMask = 2147483647;
			files = (
			);
			inputPaths = (
			);
			name = "[CP] Copy Pods Resources";
			outputPaths = (
			);
			runOnlyForDeploymentPostprocessing = 0;
			shellPath = /bin/sh;
			shellScript = "\"${SRCROOT}/Pods/Target Support Files/Pods-asr_projectUITests/Pods-asr_projectUITests-resources.sh\"\n";
			showEnvVarsInLog = 0;
		};
		A2150F130F39F9AD3BE03CB9 /* [CP] Check Pods Manifest.lock */ = {
			isa = PBXShellScriptBuildPhase;
			buildActionMask = 2147483647;
			files = (
			);
			inputPaths = (
				"${PODS_PODFILE_DIR_PATH}/Podfile.lock",
				"${PODS_ROOT}/Manifest.lock",
			);
			name = "[CP] Check Pods Manifest.lock";
			outputPaths = (
				"$(DERIVED_FILE_DIR)/Pods-asr_projectUITests-checkManifestLockResult.txt",
			);
			runOnlyForDeploymentPostprocessing = 0;
			shellPath = /bin/sh;
			shellScript = "diff \"${PODS_PODFILE_DIR_PATH}/Podfile.lock\" \"${PODS_ROOT}/Manifest.lock\" > /dev/null\nif [ $? != 0 ] ; then\n    # print error to STDERR\n    echo \"error: The sandbox is not in sync with the Podfile.lock. Run 'pod install' or update your CocoaPods installation.\" >&2\n    exit 1\nfi\n# This output is used by Xcode 'outputs' to avoid re-running this script phase.\necho \"SUCCESS\" > \"${SCRIPT_OUTPUT_FILE_0}\"\n";
			showEnvVarsInLog = 0;
		};
		B3FE9B3BF004B644F5BAE417 /* [CP] Embed Pods Frameworks */ = {
			isa = PBXShellScriptBuildPhase;
			buildActionMask = 2147483647;
			files = (
			);
			inputPaths = (
			);
			name = "[CP] Embed Pods Frameworks";
			outputPaths = (
			);
			runOnlyForDeploymentPostprocessing = 0;
			shellPath = /bin/sh;
			shellScript = "\"${SRCROOT}/Pods/Target Support Files/Pods-asr_projectUITests/Pods-asr_projectUITests-frameworks.sh\"\n";
			showEnvVarsInLog = 0;
		};
		E4C7118C1B2BC31B3FCC0648 /* [CP] Embed Pods Frameworks */ = {
			isa = PBXShellScriptBuildPhase;
			buildActionMask = 2147483647;
			files = (
			);
			inputPaths = (
				"${SRCROOT}/Pods/Target Support Files/Pods-asr_project/Pods-asr_project-frameworks.sh",
				"${PODS_ROOT}/GoogleWebRTC/Frameworks/frameworks/WebRTC.framework",
			);
			name = "[CP] Embed Pods Frameworks";
			outputPaths = (
				"${TARGET_BUILD_DIR}/${FRAMEWORKS_FOLDER_PATH}/WebRTC.framework",
			);
			runOnlyForDeploymentPostprocessing = 0;
			shellPath = /bin/sh;
			shellScript = "\"${SRCROOT}/Pods/Target Support Files/Pods-asr_project/Pods-asr_project-frameworks.sh\"\n";
			showEnvVarsInLog = 0;
		};
/* End PBXShellScriptBuildPhase section */

/* Begin PBXSourcesBuildPhase section */
		10567F711FC30FD200BE1282 /* Sources */ = {
			isa = PBXSourcesBuildPhase;
			buildActionMask = 2147483647;
			files = (
				10BE5F6E201CACF4006D5AAD /* Complex_buffer.swift in Sources */,
				10567F7D1FC30FD200BE1282 /* SecondViewController.swift in Sources */,
				1053B6E91FD99A2D002C1C92 /* mfcc_wrapper.mm in Sources */,
				10567FAE1FC312A600BE1282 /* Process_helper.swift in Sources */,
				10A73B711FC6F27300F26885 /* S_recognizer.swift in Sources */,
				10903B7C1FC5E2A8008F04E6 /* Audio_segment.swift in Sources */,
				10567FB01FC3137600BE1282 /* Audio_frame.swift in Sources */,
				10070E4B1FD3049F0077FAEF /* VAD.swift in Sources */,
				10BE5F6C201CAC5F006D5AAD /* Fft_transformer.swift in Sources */,
				1035924220307C9300B84721 /* mfcc_mine.cc in Sources */,
				103A1A8F201E250F005845B0 /* MFCC_Computer.swift in Sources */,
				10903B7A1FC5E271008F04E6 /* Speech_turn.swift in Sources */,
				1053B6E61FD999FA002C1C92 /* compute-mfcc.cc in Sources */,
				10567F791FC30FD200BE1282 /* AppDelegate.swift in Sources */,
				10A9E8A32031C8FA00897B3D /* KNNDTW.swift in Sources */,
				10567FB21FC3176300BE1282 /* Audio_file.swift in Sources */,
				1053B6E51FD999FA002C1C92 /* mfcc.cc in Sources */,
				10567F7B1FC30FD200BE1282 /* FirstViewController.swift in Sources */,
			);
			runOnlyForDeploymentPostprocessing = 0;
		};
		10567F871FC30FD300BE1282 /* Sources */ = {
			isa = PBXSourcesBuildPhase;
			buildActionMask = 2147483647;
			files = (
				10567F901FC30FD300BE1282 /* asr_projectTests.swift in Sources */,
			);
			runOnlyForDeploymentPostprocessing = 0;
		};
		10567F921FC30FD300BE1282 /* Sources */ = {
			isa = PBXSourcesBuildPhase;
			buildActionMask = 2147483647;
			files = (
				10567F9B1FC30FD300BE1282 /* asr_projectUITests.swift in Sources */,
			);
			runOnlyForDeploymentPostprocessing = 0;
		};
/* End PBXSourcesBuildPhase section */

/* Begin PBXTargetDependency section */
		10567F8D1FC30FD300BE1282 /* PBXTargetDependency */ = {
			isa = PBXTargetDependency;
			target = 10567F741FC30FD200BE1282 /* asr_project */;
			targetProxy = 10567F8C1FC30FD300BE1282 /* PBXContainerItemProxy */;
		};
		10567F981FC30FD300BE1282 /* PBXTargetDependency */ = {
			isa = PBXTargetDependency;
			target = 10567F741FC30FD200BE1282 /* asr_project */;
			targetProxy = 10567F971FC30FD300BE1282 /* PBXContainerItemProxy */;
		};
		1068B2B1204081EE0029D0E3 /* PBXTargetDependency */ = {
			isa = PBXTargetDependency;
			name = AIToolboxIOS;
			targetProxy = 1068B2B0204081EE0029D0E3 /* PBXContainerItemProxy */;
		};
/* End PBXTargetDependency section */

/* Begin PBXVariantGroup section */
		10567F7E1FC30FD200BE1282 /* Main.storyboard */ = {
			isa = PBXVariantGroup;
			children = (
				10567F7F1FC30FD200BE1282 /* Base */,
			);
			name = Main.storyboard;
			sourceTree = "<group>";
		};
		10567F831FC30FD200BE1282 /* LaunchScreen.storyboard */ = {
			isa = PBXVariantGroup;
			children = (
				10567F841FC30FD200BE1282 /* Base */,
			);
			name = LaunchScreen.storyboard;
			sourceTree = "<group>";
		};
/* End PBXVariantGroup section */

/* Begin XCBuildConfiguration section */
		10567F9D1FC30FD300BE1282 /* Debug */ = {
			isa = XCBuildConfiguration;
			buildSettings = {
				ALWAYS_SEARCH_USER_PATHS = NO;
				CLANG_ANALYZER_NONNULL = YES;
				CLANG_ANALYZER_NUMBER_OBJECT_CONVERSION = YES_AGGRESSIVE;
				CLANG_CXX_LANGUAGE_STANDARD = "c++14";
				CLANG_CXX_LIBRARY = "libc++";
				CLANG_ENABLE_MODULES = YES;
				CLANG_ENABLE_OBJC_ARC = YES;
				CLANG_WARN_BLOCK_CAPTURE_AUTORELEASING = YES;
				CLANG_WARN_BOOL_CONVERSION = YES;
				CLANG_WARN_COMMA = YES;
				CLANG_WARN_CONSTANT_CONVERSION = YES;
				CLANG_WARN_DIRECT_OBJC_ISA_USAGE = YES_ERROR;
				CLANG_WARN_DOCUMENTATION_COMMENTS = YES;
				CLANG_WARN_EMPTY_BODY = YES;
				CLANG_WARN_ENUM_CONVERSION = YES;
				CLANG_WARN_INFINITE_RECURSION = YES;
				CLANG_WARN_INT_CONVERSION = YES;
				CLANG_WARN_NON_LITERAL_NULL_CONVERSION = YES;
				CLANG_WARN_OBJC_LITERAL_CONVERSION = YES;
				CLANG_WARN_OBJC_ROOT_CLASS = YES_ERROR;
				CLANG_WARN_RANGE_LOOP_ANALYSIS = YES;
				CLANG_WARN_STRICT_PROTOTYPES = YES;
				CLANG_WARN_SUSPICIOUS_MOVE = YES;
				CLANG_WARN_UNGUARDED_AVAILABILITY = YES_AGGRESSIVE;
				CLANG_WARN_UNREACHABLE_CODE = YES;
				CLANG_WARN__DUPLICATE_METHOD_MATCH = YES;
				CODE_SIGN_IDENTITY = "iPhone Developer";
				COPY_PHASE_STRIP = NO;
				DEBUG_INFORMATION_FORMAT = dwarf;
				ENABLE_STRICT_OBJC_MSGSEND = YES;
				ENABLE_TESTABILITY = YES;
				GCC_C_LANGUAGE_STANDARD = gnu11;
				GCC_DYNAMIC_NO_PIC = NO;
				GCC_NO_COMMON_BLOCKS = YES;
				GCC_OPTIMIZATION_LEVEL = 0;
				GCC_PREPROCESSOR_DEFINITIONS = (
					"DEBUG=1",
					"$(inherited)",
				);
				GCC_WARN_64_TO_32_BIT_CONVERSION = YES;
				GCC_WARN_ABOUT_RETURN_TYPE = YES_ERROR;
				GCC_WARN_UNDECLARED_SELECTOR = YES;
				GCC_WARN_UNINITIALIZED_AUTOS = YES_AGGRESSIVE;
				GCC_WARN_UNUSED_FUNCTION = YES;
				GCC_WARN_UNUSED_VARIABLE = YES;
				IPHONEOS_DEPLOYMENT_TARGET = 11.1;
				MTL_ENABLE_DEBUG_INFO = YES;
				ONLY_ACTIVE_ARCH = YES;
				SDKROOT = iphoneos;
				SWIFT_ACTIVE_COMPILATION_CONDITIONS = DEBUG;
				SWIFT_OPTIMIZATION_LEVEL = "-Onone";
			};
			name = Debug;
		};
		10567F9E1FC30FD300BE1282 /* Release */ = {
			isa = XCBuildConfiguration;
			buildSettings = {
				ALWAYS_SEARCH_USER_PATHS = NO;
				CLANG_ANALYZER_NONNULL = YES;
				CLANG_ANALYZER_NUMBER_OBJECT_CONVERSION = YES_AGGRESSIVE;
				CLANG_CXX_LANGUAGE_STANDARD = "c++14";
				CLANG_CXX_LIBRARY = "libc++";
				CLANG_ENABLE_MODULES = YES;
				CLANG_ENABLE_OBJC_ARC = YES;
				CLANG_WARN_BLOCK_CAPTURE_AUTORELEASING = YES;
				CLANG_WARN_BOOL_CONVERSION = YES;
				CLANG_WARN_COMMA = YES;
				CLANG_WARN_CONSTANT_CONVERSION = YES;
				CLANG_WARN_DIRECT_OBJC_ISA_USAGE = YES_ERROR;
				CLANG_WARN_DOCUMENTATION_COMMENTS = YES;
				CLANG_WARN_EMPTY_BODY = YES;
				CLANG_WARN_ENUM_CONVERSION = YES;
				CLANG_WARN_INFINITE_RECURSION = YES;
				CLANG_WARN_INT_CONVERSION = YES;
				CLANG_WARN_NON_LITERAL_NULL_CONVERSION = YES;
				CLANG_WARN_OBJC_LITERAL_CONVERSION = YES;
				CLANG_WARN_OBJC_ROOT_CLASS = YES_ERROR;
				CLANG_WARN_RANGE_LOOP_ANALYSIS = YES;
				CLANG_WARN_STRICT_PROTOTYPES = YES;
				CLANG_WARN_SUSPICIOUS_MOVE = YES;
				CLANG_WARN_UNGUARDED_AVAILABILITY = YES_AGGRESSIVE;
				CLANG_WARN_UNREACHABLE_CODE = YES;
				CLANG_WARN__DUPLICATE_METHOD_MATCH = YES;
				CODE_SIGN_IDENTITY = "iPhone Developer";
				COPY_PHASE_STRIP = NO;
				DEBUG_INFORMATION_FORMAT = "dwarf-with-dsym";
				ENABLE_NS_ASSERTIONS = NO;
				ENABLE_STRICT_OBJC_MSGSEND = YES;
				GCC_C_LANGUAGE_STANDARD = gnu11;
				GCC_NO_COMMON_BLOCKS = YES;
				GCC_WARN_64_TO_32_BIT_CONVERSION = YES;
				GCC_WARN_ABOUT_RETURN_TYPE = YES_ERROR;
				GCC_WARN_UNDECLARED_SELECTOR = YES;
				GCC_WARN_UNINITIALIZED_AUTOS = YES_AGGRESSIVE;
				GCC_WARN_UNUSED_FUNCTION = YES;
				GCC_WARN_UNUSED_VARIABLE = YES;
				IPHONEOS_DEPLOYMENT_TARGET = 11.1;
				MTL_ENABLE_DEBUG_INFO = NO;
				SDKROOT = iphoneos;
				SWIFT_OPTIMIZATION_LEVEL = "-Owholemodule";
				VALIDATE_PRODUCT = YES;
			};
			name = Release;
		};
		10567FA01FC30FD300BE1282 /* Debug */ = {
			isa = XCBuildConfiguration;
			baseConfigurationReference = D78291F6877D77E6FD630997 /* Pods-asr_project.debug.xcconfig */;
			buildSettings = {
				ALWAYS_EMBED_SWIFT_STANDARD_LIBRARIES = YES;
				ASSETCATALOG_COMPILER_APPICON_NAME = AppIcon;
				CLANG_CXX_LIBRARY = "libc++";
				"CODE_SIGN_IDENTITY[sdk=iphoneos*]" = "iPhone Developer";
				CODE_SIGN_STYLE = Automatic;
				DEVELOPMENT_TEAM = 63KUGU4HKM;
				FRAMEWORK_SEARCH_PATHS = (
					"$(inherited)",
					"$(PROJECT_DIR)/Framework",
				);
				HEADER_SEARCH_PATHS = (
					/usr/local/include,
					/usr/include,
				);
				INFOPLIST_FILE = asr_project/Info.plist;
				LD_RUNPATH_SEARCH_PATHS = "$(inherited) @executable_path/Frameworks";
				LIBRARY_SEARCH_PATHS = (
					/usr/local/lib,
					/usr/lib,
				);
				OTHER_LDFLAGS = "";
				PRODUCT_BUNDLE_IDENTIFIER = "uea-year-3.asr-project";
				PRODUCT_NAME = "$(TARGET_NAME)";
				PROVISIONING_PROFILE_SPECIFIER = "";
				SWIFT_OBJC_BRIDGING_HEADER = "$(PROJECT_DIR)/bridging_header.h";
				SWIFT_VERSION = 4.0;
				TARGETED_DEVICE_FAMILY = "1,2";
				USER_HEADER_SEARCH_PATHS = "";
			};
			name = Debug;
		};
		10567FA11FC30FD300BE1282 /* Release */ = {
			isa = XCBuildConfiguration;
			baseConfigurationReference = 04A16EA63FDCDF1C20A6EB7F /* Pods-asr_project.release.xcconfig */;
			buildSettings = {
				ALWAYS_EMBED_SWIFT_STANDARD_LIBRARIES = YES;
				ASSETCATALOG_COMPILER_APPICON_NAME = AppIcon;
				CLANG_CXX_LIBRARY = "libc++";
				"CODE_SIGN_IDENTITY[sdk=iphoneos*]" = "iPhone Developer";
				CODE_SIGN_STYLE = Automatic;
				DEVELOPMENT_TEAM = 63KUGU4HKM;
				FRAMEWORK_SEARCH_PATHS = (
					"$(inherited)",
					"$(PROJECT_DIR)/Framework",
				);
				HEADER_SEARCH_PATHS = (
					/usr/local/include,
					/usr/include,
				);
				INFOPLIST_FILE = asr_project/Info.plist;
				LD_RUNPATH_SEARCH_PATHS = "$(inherited) @executable_path/Frameworks";
				LIBRARY_SEARCH_PATHS = (
					/usr/local/lib,
					/usr/lib,
				);
				OTHER_LDFLAGS = "";
				PRODUCT_BUNDLE_IDENTIFIER = "uea-year-3.asr-project";
				PRODUCT_NAME = "$(TARGET_NAME)";
				PROVISIONING_PROFILE_SPECIFIER = "";
				SWIFT_OBJC_BRIDGING_HEADER = "$(PROJECT_DIR)/bridging_header.h";
				SWIFT_VERSION = 4.0;
				TARGETED_DEVICE_FAMILY = "1,2";
				USER_HEADER_SEARCH_PATHS = "";
			};
			name = Release;
		};
		10567FA31FC30FD300BE1282 /* Debug */ = {
			isa = XCBuildConfiguration;
			baseConfigurationReference = F39A5D87FE8F4E9B788504DD /* Pods-asr_projectTests.debug.xcconfig */;
			buildSettings = {
				ALWAYS_EMBED_SWIFT_STANDARD_LIBRARIES = YES;
				BUNDLE_LOADER = "$(TEST_HOST)";
				CODE_SIGN_STYLE = Automatic;
				DEVELOPMENT_TEAM = 63KUGU4HKM;
				INFOPLIST_FILE = asr_projectTests/Info.plist;
				LD_RUNPATH_SEARCH_PATHS = "$(inherited) @executable_path/Frameworks @loader_path/Frameworks";
				PRODUCT_BUNDLE_IDENTIFIER = "uea-year-3.asr-projectTests";
				PRODUCT_NAME = "$(TARGET_NAME)";
				SWIFT_VERSION = 4.0;
				TARGETED_DEVICE_FAMILY = "1,2";
				TEST_HOST = "$(BUILT_PRODUCTS_DIR)/asr_project.app/asr_project";
			};
			name = Debug;
		};
		10567FA41FC30FD300BE1282 /* Release */ = {
			isa = XCBuildConfiguration;
			baseConfigurationReference = 674EF760FCF37297599FB9DC /* Pods-asr_projectTests.release.xcconfig */;
			buildSettings = {
				ALWAYS_EMBED_SWIFT_STANDARD_LIBRARIES = YES;
				BUNDLE_LOADER = "$(TEST_HOST)";
				CODE_SIGN_STYLE = Automatic;
				DEVELOPMENT_TEAM = 63KUGU4HKM;
				INFOPLIST_FILE = asr_projectTests/Info.plist;
				LD_RUNPATH_SEARCH_PATHS = "$(inherited) @executable_path/Frameworks @loader_path/Frameworks";
				PRODUCT_BUNDLE_IDENTIFIER = "uea-year-3.asr-projectTests";
				PRODUCT_NAME = "$(TARGET_NAME)";
				SWIFT_VERSION = 4.0;
				TARGETED_DEVICE_FAMILY = "1,2";
				TEST_HOST = "$(BUILT_PRODUCTS_DIR)/asr_project.app/asr_project";
			};
			name = Release;
		};
		10567FA61FC30FD300BE1282 /* Debug */ = {
			isa = XCBuildConfiguration;
			baseConfigurationReference = DCA0DB9823FA98BB38D4A759 /* Pods-asr_projectUITests.debug.xcconfig */;
			buildSettings = {
				ALWAYS_EMBED_SWIFT_STANDARD_LIBRARIES = YES;
				CODE_SIGN_STYLE = Automatic;
				DEVELOPMENT_TEAM = 63KUGU4HKM;
				INFOPLIST_FILE = asr_projectUITests/Info.plist;
				LD_RUNPATH_SEARCH_PATHS = "$(inherited) @executable_path/Frameworks @loader_path/Frameworks";
				PRODUCT_BUNDLE_IDENTIFIER = "uea-year-3.asr-projectUITests";
				PRODUCT_NAME = "$(TARGET_NAME)";
				SWIFT_VERSION = 4.0;
				TARGETED_DEVICE_FAMILY = "1,2";
				TEST_TARGET_NAME = asr_project;
			};
			name = Debug;
		};
		10567FA71FC30FD300BE1282 /* Release */ = {
			isa = XCBuildConfiguration;
			baseConfigurationReference = F9D397C8A957FE939E927709 /* Pods-asr_projectUITests.release.xcconfig */;
			buildSettings = {
				ALWAYS_EMBED_SWIFT_STANDARD_LIBRARIES = YES;
				CODE_SIGN_STYLE = Automatic;
				DEVELOPMENT_TEAM = 63KUGU4HKM;
				INFOPLIST_FILE = asr_projectUITests/Info.plist;
				LD_RUNPATH_SEARCH_PATHS = "$(inherited) @executable_path/Frameworks @loader_path/Frameworks";
				PRODUCT_BUNDLE_IDENTIFIER = "uea-year-3.asr-projectUITests";
				PRODUCT_NAME = "$(TARGET_NAME)";
				SWIFT_VERSION = 4.0;
				TARGETED_DEVICE_FAMILY = "1,2";
				TEST_TARGET_NAME = asr_project;
			};
			name = Release;
		};
/* End XCBuildConfiguration section */

/* Begin XCConfigurationList section */
		10567F701FC30FD200BE1282 /* Build configuration list for PBXProject "asr_project" */ = {
			isa = XCConfigurationList;
			buildConfigurations = (
				10567F9D1FC30FD300BE1282 /* Debug */,
				10567F9E1FC30FD300BE1282 /* Release */,
			);
			defaultConfigurationIsVisible = 0;
			defaultConfigurationName = Release;
		};
		10567F9F1FC30FD300BE1282 /* Build configuration list for PBXNativeTarget "asr_project" */ = {
			isa = XCConfigurationList;
			buildConfigurations = (
				10567FA01FC30FD300BE1282 /* Debug */,
				10567FA11FC30FD300BE1282 /* Release */,
			);
			defaultConfigurationIsVisible = 0;
			defaultConfigurationName = Release;
		};
		10567FA21FC30FD300BE1282 /* Build configuration list for PBXNativeTarget "asr_projectTests" */ = {
			isa = XCConfigurationList;
			buildConfigurations = (
				10567FA31FC30FD300BE1282 /* Debug */,
				10567FA41FC30FD300BE1282 /* Release */,
			);
			defaultConfigurationIsVisible = 0;
			defaultConfigurationName = Release;
		};
		10567FA51FC30FD300BE1282 /* Build configuration list for PBXNativeTarget "asr_projectUITests" */ = {
			isa = XCConfigurationList;
			buildConfigurations = (
				10567FA61FC30FD300BE1282 /* Debug */,
				10567FA71FC30FD300BE1282 /* Release */,
			);
			defaultConfigurationIsVisible = 0;
			defaultConfigurationName = Release;
		};
/* End XCConfigurationList section */
	};
	rootObject = 10567F6D1FC30FD200BE1282 /* Project object */;
}
